// !$*UTF8*$!
{
	archiveVersion = 1;
	classes = {
	};
	objectVersion = 77;
	objects = {

/* Begin PBXBuildFile section */
		0614C48D34DF2EBE3B029C8C /* OnboardingView.swift in Sources */ = {isa = PBXBuildFile; fileRef = 77BA313610B6903F788B3D1B /* OnboardingView.swift */; };
		07C6DACB1748CA164C7E39B9 /* EditItemView.swift in Sources */ = {isa = PBXBuildFile; fileRef = 28094C6B2161D39A55624F68 /* EditItemView.swift */; };
		A001B2C3D4E5F6A7B8C9D001 /* ShoppingActivityAttributes.swift in Sources */ = {isa = PBXBuildFile; fileRef = A002B3C4D5E6F7A8B9C0D002 /* ShoppingActivityAttributes.swift */; };
		A003C4D5E6F7A8B9C0D1E003 /* LiveActivityService.swift in Sources */ = {isa = PBXBuildFile; fileRef = A004D5E6F7A8B9C0D1E2F004 /* LiveActivityService.swift */; };
		A005E6F7A8B9C0D1E2F3A005 /* AllItemsView.swift in Sources */ = {isa = PBXBuildFile; fileRef = A006F7A8B9C0D1E2F3A4B006 /* AllItemsView.swift */; };
		WD01B2C3D4E5F6A7B8C9D001 /* SmartCartWidgetsBundle.swift in Sources */ = {isa = PBXBuildFile; fileRef = WF01B2C3D4E5F6A7B8C9D001 /* SmartCartWidgetsBundle.swift */; };
		WD02C3D4E5F6A7B8C9D0E002 /* ShoppingLiveActivity.swift in Sources */ = {isa = PBXBuildFile; fileRef = WF02C3D4E5F6A7B8C9D0E002 /* ShoppingLiveActivity.swift */; };
		WD03D4E5F6A7B8C9D0E1F003 /* ShoppingActivityAttributes.swift in Sources */ = {isa = PBXBuildFile; fileRef = A002B3C4D5E6F7A8B9C0D002 /* ShoppingActivityAttributes.swift */; };
		WD04E5F6A7B8C9D0E1F2A004 /* WidgetKit.framework in Frameworks */ = {isa = PBXBuildFile; fileRef = WF04E5F6A7B8C9D0E1F2A004 /* WidgetKit.framework */; };
		WD05F6A7B8C9D0E1F2A3B005 /* SwiftUI.framework in Frameworks */ = {isa = PBXBuildFile; fileRef = WF05F6A7B8C9D0E1F2A3B005 /* SwiftUI.framework */; };
		WD06A7B8C9D0E1F2A3B4C006 /* SmartCartWidgets.appex in Embed Foundation Extensions */ = {isa = PBXBuildFile; fileRef = WF06A7B8C9D0E1F2A3B4C006 /* SmartCartWidgets.appex */; settings = {ATTRIBUTES = (RemoveHeadersOnCopy, ); }; };
		0B64D059E2535909BBC07B1B /* AssignmentService.swift in Sources */ = {isa = PBXBuildFile; fileRef = FFE9FEE09743093F7E668D5E /* AssignmentService.swift */; };
		1122334455667788990AABB1 /* MenuPlanView.swift in Sources */ = {isa = PBXBuildFile; fileRef = 2233445566778899AA0BBB11 /* MenuPlanView.swift */; };
		11B1C5980F8E6058CDAE01B8 /* SettingsView.swift in Sources */ = {isa = PBXBuildFile; fileRef = 16B385C380FF5123526F6E56 /* SettingsView.swift */; };
		1EEFDCF2812D084BA0E49570 /* HomeView.swift in Sources */ = {isa = PBXBuildFile; fileRef = 7378581EFFCC02A1BF2FD3A3 /* HomeView.swift */; };
		429C369375554B2060939718 /* StoreSetupView.swift in Sources */ = {isa = PBXBuildFile; fileRef = 9AB228D171BFA424F8AFC0CD /* StoreSetupView.swift */; };
		468A61978094AF399D7F1A36 /* DesignSystem.swift in Sources */ = {isa = PBXBuildFile; fileRef = F2167065308D2C0091FD60DC /* DesignSystem.swift */; };
		4AE5CAE2FF18BC98E813B9B3 /* FeedbackListView.swift in Sources */ = {isa = PBXBuildFile; fileRef = CCFCCBF3718D159EE3EBA05D /* FeedbackListView.swift */; };
		62F62920AC736E7DAF25E422 /* ContentView.swift in Sources */ = {isa = PBXBuildFile; fileRef = 6CC5E77213853CDEEA9A76D3 /* ContentView.swift */; };
		78F5AF4484B268BB933F98AA /* Preview Assets.xcassets in Resources */ = {isa = PBXBuildFile; fileRef = 3D46E9154361B0400E35C6B6 /* Preview Assets.xcassets */; };
		856A7E292BA26C783B908D38 /* RecipeRecognitionService.swift in Sources */ = {isa = PBXBuildFile; fileRef = C8B6F1B6E82484B41C0A48AD /* RecipeRecognitionService.swift */; };
		8F90D434BA1046F149A56C75 /* SmartCartApp.swift in Sources */ = {isa = PBXBuildFile; fileRef = 9E1FEF9707C7C16B4D0F2CF5 /* SmartCartApp.swift */; };
		99C1C04FD88022B0F3E9A1E2 /* RecipeImportView.swift in Sources */ = {isa = PBXBuildFile; fileRef = 2A802E16773399D7FEE19D68 /* RecipeImportView.swift */; };
		9AC5CF73301BBC2A06342131 /* ItemRow.swift in Sources */ = {isa = PBXBuildFile; fileRef = 98EB342AC7EE894C9C2B7A34 /* ItemRow.swift */; };
		9B4FFFAEAC238BFC6CEDCF83 /* Color+Hex.swift in Sources */ = {isa = PBXBuildFile; fileRef = D267DA892CBED0BC9B534966 /* Color+Hex.swift */; };
		9D0E42859AFB4024C1CA85F5 /* QuickAddParser.swift in Sources */ = {isa = PBXBuildFile; fileRef = 427C78F11F632892DD9E807F /* QuickAddParser.swift */; };
		9ECE3DCC45AE32CCEAA8981D /* Store.swift in Sources */ = {isa = PBXBuildFile; fileRef = 3A49612BE198AF3B48211B62 /* Store.swift */; };
		A21EA866AA3A88E3DF1D7EF9 /* ShoppingItem.swift in Sources */ = {isa = PBXBuildFile; fileRef = 1791AA94F3726B793EB09F74 /* ShoppingItem.swift */; };
		AA11BB22CC33DD44EE55FF66 /* BarcodeScannerView.swift in Sources */ = {isa = PBXBuildFile; fileRef = BB22CC33DD44EE55FF6677AA /* BarcodeScannerView.swift */; };
		ACAA0ED3F8C4A30CB3B60F17 /* Localizable.strings in Resources */ = {isa = PBXBuildFile; fileRef = 55FFB2C5C2C97A02689A1FB6 /* Localizable.strings */; };
		B2C3D4E5F6A7B8C9D0E1F2A3 /* ReceiptParserService.swift in Sources */ = {isa = PBXBuildFile; fileRef = A1B2C3D4E5F6A7B8C9D0E1F2 /* ReceiptParserService.swift */; };
		BB33CC44DD55EE66FF7788AA /* FeedbackItem.swift in Sources */ = {isa = PBXBuildFile; fileRef = AA22BB33CC44DD55EE66FF77 /* FeedbackItem.swift */; };
		BEA22437C49C7A0CEC5786AE /* DevFeedbackButton.swift in Sources */ = {isa = PBXBuildFile; fileRef = 1F251AAC3AEE858B76DCF7E8 /* DevFeedbackButton.swift */; };
		C9139F3211CC76DF720FB66C /* FeedbackView.swift in Sources */ = {isa = PBXBuildFile; fileRef = 19A4065E868200E2B3A0F02D /* FeedbackView.swift */; };
		CC33DD44EE55FF6677AABB11 /* AddItemIntent.swift in Sources */ = {isa = PBXBuildFile; fileRef = DD44EE55FF6677AABB11CC22 /* AddItemIntent.swift */; };
		CC44DD55EE66FF7799AABB22 /* CheckOffItemIntent.swift in Sources */ = {isa = PBXBuildFile; fileRef = EE77FF8899AABB33CC44DD55 /* CheckOffItemIntent.swift */; };
		WD08C9D0E1F2A3B4C5D6E008 /* CheckOffItemIntent.swift in Sources */ = {isa = PBXBuildFile; fileRef = EE77FF8899AABB33CC44DD55 /* CheckOffItemIntent.swift */; };
		WD09D0E1F2A3B4C5D6E7F009 /* Store.swift in Sources */ = {isa = PBXBuildFile; fileRef = 3A49612BE198AF3B48211B62 /* Store.swift */; };
		WD10E1F2A3B4C5D6E7F8A010 /* ShoppingItem.swift in Sources */ = {isa = PBXBuildFile; fileRef = 1791AA94F3726B793EB09F74 /* ShoppingItem.swift */; };
		WD11F2A3B4C5D6E7F8A9B011 /* PurchaseRecord.swift in Sources */ = {isa = PBXBuildFile; fileRef = DD34C5D25C3945D6153A049B /* PurchaseRecord.swift */; };
		WD12A3B4C5D6E7F8A9B0C012 /* Color+Hex.swift in Sources */ = {isa = PBXBuildFile; fileRef = D267DA892CBED0BC9B534966 /* Color+Hex.swift */; };
		WD13B4C5D6E7F8A9B0C1D013 /* FeedbackItem.swift in Sources */ = {isa = PBXBuildFile; fileRef = AA22BB33CC44DD55EE66FF77 /* FeedbackItem.swift */; };
		WD14C5D6E7F8A9B0C1D2E014 /* TodoItem.swift in Sources */ = {isa = PBXBuildFile; fileRef = CC44DD55EE66FF7788AABB33 /* TodoItem.swift */; };
		WD15D6E7F8A9B0C1D2E3F015 /* QuickAddControl.swift in Sources */ = {isa = PBXBuildFile; fileRef = WF15D6E7F8A9B0C1D2E3F015 /* QuickAddControl.swift */; };
		FF20C1D2E3F4A5B6C7D8E020 /* QuickAddControlIntent.swift in Sources */ = {isa = PBXBuildFile; fileRef = FF19B0C1D2E3F4A5B6C7D019 /* QuickAddControlIntent.swift */; };
		FF21D2E3F4A5B6C7D8E9F021 /* QuickAddControlIntent.swift in Sources */ = {isa = PBXBuildFile; fileRef = FF19B0C1D2E3F4A5B6C7D019 /* QuickAddControlIntent.swift */; };
		A102C3D4E5F6A7B8C9D0E102 /* AppDelegate.swift in Sources */ = {isa = PBXBuildFile; fileRef = A101B2C3D4E5F6A7B8C9D101 /* AppDelegate.swift */; };
		A104E5F6A7B8C9D0E1F2A104 /* QuickActionState.swift in Sources */ = {isa = PBXBuildFile; fileRef = A103D4E5F6A7B8C9D0E1F103 /* QuickActionState.swift */; };
		CE780CEB38E00FF824BE132F /* BrowseStoresView.swift in Sources */ = {isa = PBXBuildFile; fileRef = 5239F35789D83F615154249B /* BrowseStoresView.swift */; };
		CF2E2F0FE6EDD8C5B29CD22E /* NotificationService.swift in Sources */ = {isa = PBXBuildFile; fileRef = 47184F36A40105B9BDD79C7B /* NotificationService.swift */; };
		D0518513ABE97A21C14A74C3 /* StoreDetailView.swift in Sources */ = {isa = PBXBuildFile; fileRef = 88C3233FB5722D2CF4BE2B3A /* StoreDetailView.swift */; };
		D4E5F6A7B8C9D0E1F2A3B4C5 /* ReceiptScannerView.swift in Sources */ = {isa = PBXBuildFile; fileRef = C3D4E5F6A7B8C9D0E1F2A3B4 /* ReceiptScannerView.swift */; };
		DD55EE66FF7788AABB33CC44 /* TodoItem.swift in Sources */ = {isa = PBXBuildFile; fileRef = CC44DD55EE66FF7788AABB33 /* TodoItem.swift */; };
		DDE7767C2A2E25E83FA6CFC8 /* PurchaseRecord.swift in Sources */ = {isa = PBXBuildFile; fileRef = DD34C5D25C3945D6153A049B /* PurchaseRecord.swift */; };
		DEBF56414AA7F6AF04B254E2 /* AddItemView.swift in Sources */ = {isa = PBXBuildFile; fileRef = C362CB3A6517D504DCBC7D3E /* AddItemView.swift */; };
		EE55FF6677AABB11CC22DD33 /* SeasonalService.swift in Sources */ = {isa = PBXBuildFile; fileRef = FF6677AABB11CC22DD33EE44 /* SeasonalService.swift */; };
		D0E2F3A4B5C6D7E8F9A0B1C2 /* CloudPreferencesSync.swift in Sources */ = {isa = PBXBuildFile; fileRef = CF91A23B4D5E6F7A8B9C0D1E /* CloudPreferencesSync.swift */; };
		F1F4216C977DED9D403293FE /* Assets.xcassets in Resources */ = {isa = PBXBuildFile; fileRef = 9D6DDDDC065602308F0A3A52 /* Assets.xcassets */; };
		F6A7B8C9D0E1F2A3B4C5D6E7 /* PriceOverviewView.swift in Sources */ = {isa = PBXBuildFile; fileRef = E5F6A7B8C9D0E1F2A3B4C5D6 /* PriceOverviewView.swift */; };
		AEBD09BFC16B566EAF6E18EC /* ActualPriceEntryView.swift in Sources */ = {isa = PBXBuildFile; fileRef = 9552F3DAFCE1AF7A59288E52 /* ActualPriceEntryView.swift */; };
		F7EA55CF68EF8E5935FE983A /* StoreCard.swift in Sources */ = {isa = PBXBuildFile; fileRef = 83130764D304E50CAB3E2DD7 /* StoreCard.swift */; };
		F9AC89E9E28CA2F005490D40 /* QuantityStepperField.swift in Sources */ = {isa = PBXBuildFile; fileRef = 375D6F2D2F8E5E3333A4A5CE /* QuantityStepperField.swift */; };
		FF43B1B80F202D6734200639 /* HabitService.swift in Sources */ = {isa = PBXBuildFile; fileRef = 838409C378288CFA57B42809 /* HabitService.swift */; };
		FF7788AABB33CC44DD55EE66 /* TodoListView.swift in Sources */ = {isa = PBXBuildFile; fileRef = EE66FF7788AABB33CC44DD55 /* TodoListView.swift */; };
		AB11CD23EF45AB67CD89EF11 /* SharedStoreService.swift in Sources */ = {isa = PBXBuildFile; fileRef = AB10CD23EF45AB67CD89EF10 /* SharedStoreService.swift */; };
		16A1125DF51DA59574F5299F /* SyncCoordinator.swift in Sources */ = {isa = PBXBuildFile; fileRef = 1D541A3F4DFAAB047F30971D /* SyncCoordinator.swift */; };
		TE02C3D4E5F6A7B8C9D0E002 /* TemplateService.swift in Sources */ = {isa = PBXBuildFile; fileRef = TE01B2C3D4E5F6A7B8C9D001 /* TemplateService.swift */; };
		AB13CD23EF45AB67CD89EF13 /* StoreShareSheet.swift in Sources */ = {isa = PBXBuildFile; fileRef = AB12CD23EF45AB67CD89EF12 /* StoreShareSheet.swift */; };
		BC11EF34AB67CD89EF01AB11 /* SchemaVersions.swift in Sources */ = {isa = PBXBuildFile; fileRef = BC10DE23FA56BC78DE90FA10 /* SchemaVersions.swift */; };
		BC13AB56CD89EF01AB23CD13 /* PrivacyInfo.xcprivacy in Resources */ = {isa = PBXBuildFile; fileRef = BC12FA45BC78DE90FA12BC12 /* PrivacyInfo.xcprivacy */; };
		PS02C3D4E5F6A7B8C9D0E002 /* PremiumService.swift in Sources */ = {isa = PBXBuildFile; fileRef = PS01B2C3D4E5F6A7B8C9D001 /* PremiumService.swift */; };
		PW02C3D4E5F6A7B8C9D0E002 /* PaywallView.swift in Sources */ = {isa = PBXBuildFile; fileRef = PW01B2C3D4E5F6A7B8C9D001 /* PaywallView.swift */; };
		LV02C3D4E5F6A7B8C9D0E002 /* LegalView.swift in Sources */ = {isa = PBXBuildFile; fileRef = LV01B2C3D4E5F6A7B8C9D001 /* LegalView.swift */; };
/* End PBXBuildFile section */

/* Begin PBXCopyFilesBuildPhase section */
		WD07B8C9D0E1F2A3B4C5D007 /* Embed Foundation Extensions */ = {
			isa = PBXCopyFilesBuildPhase;
			buildActionMask = 2147483647;
			dstPath = "";
			dstSubfolderSpec = 13;
			files = (
				WD06A7B8C9D0E1F2A3B4C006 /* SmartCartWidgets.appex in Embed Foundation Extensions */,
			);
			name = "Embed Foundation Extensions";
			runOnlyForDeploymentPostprocessing = 0;
		};
/* End PBXCopyFilesBuildPhase section */

/* Begin PBXFileReference section */
		16B385C380FF5123526F6E56 /* SettingsView.swift */ = {isa = PBXFileReference; lastKnownFileType = sourcecode.swift; path = SettingsView.swift; sourceTree = "<group>"; };
		1791AA94F3726B793EB09F74 /* ShoppingItem.swift */ = {isa = PBXFileReference; lastKnownFileType = sourcecode.swift; path = ShoppingItem.swift; sourceTree = "<group>"; };
		19A4065E868200E2B3A0F02D /* FeedbackView.swift */ = {isa = PBXFileReference; lastKnownFileType = sourcecode.swift; path = FeedbackView.swift; sourceTree = "<group>"; };
		1F251AAC3AEE858B76DCF7E8 /* DevFeedbackButton.swift */ = {isa = PBXFileReference; lastKnownFileType = sourcecode.swift; path = DevFeedbackButton.swift; sourceTree = "<group>"; };
		2233445566778899AA0BBB11 /* MenuPlanView.swift */ = {isa = PBXFileReference; lastKnownFileType = sourcecode.swift; path = MenuPlanView.swift; sourceTree = "<group>"; };
		28094C6B2161D39A55624F68 /* EditItemView.swift */ = {isa = PBXFileReference; lastKnownFileType = sourcecode.swift; path = EditItemView.swift; sourceTree = "<group>"; };
		2A802E16773399D7FEE19D68 /* RecipeImportView.swift */ = {isa = PBXFileReference; lastKnownFileType = sourcecode.swift; path = RecipeImportView.swift; sourceTree = "<group>"; };
		375D6F2D2F8E5E3333A4A5CE /* QuantityStepperField.swift */ = {isa = PBXFileReference; lastKnownFileType = sourcecode.swift; path = QuantityStepperField.swift; sourceTree = "<group>"; };
		3A49612BE198AF3B48211B62 /* Store.swift */ = {isa = PBXFileReference; lastKnownFileType = sourcecode.swift; path = Store.swift; sourceTree = "<group>"; };
		3D46E9154361B0400E35C6B6 /* Preview Assets.xcassets */ = {isa = PBXFileReference; lastKnownFileType = folder.assetcatalog; path = "Preview Assets.xcassets"; sourceTree = "<group>"; };
		427C78F11F632892DD9E807F /* QuickAddParser.swift */ = {isa = PBXFileReference; lastKnownFileType = sourcecode.swift; path = QuickAddParser.swift; sourceTree = "<group>"; };
		47184F36A40105B9BDD79C7B /* NotificationService.swift */ = {isa = PBXFileReference; lastKnownFileType = sourcecode.swift; path = NotificationService.swift; sourceTree = "<group>"; };
		5239F35789D83F615154249B /* BrowseStoresView.swift */ = {isa = PBXFileReference; lastKnownFileType = sourcecode.swift; path = BrowseStoresView.swift; sourceTree = "<group>"; };
		6CC5E77213853CDEEA9A76D3 /* ContentView.swift */ = {isa = PBXFileReference; lastKnownFileType = sourcecode.swift; path = ContentView.swift; sourceTree = "<group>"; };
		7378581EFFCC02A1BF2FD3A3 /* HomeView.swift */ = {isa = PBXFileReference; lastKnownFileType = sourcecode.swift; path = HomeView.swift; sourceTree = "<group>"; };
		7766D5E81D983AD2334B6011 /* de */ = {isa = PBXFileReference; lastKnownFileType = text.plist.strings; name = de; path = de.lproj/Localizable.strings; sourceTree = "<group>"; };
		77BA313610B6903F788B3D1B /* OnboardingView.swift */ = {isa = PBXFileReference; lastKnownFileType = sourcecode.swift; path = OnboardingView.swift; sourceTree = "<group>"; };
		83130764D304E50CAB3E2DD7 /* StoreCard.swift */ = {isa = PBXFileReference; lastKnownFileType = sourcecode.swift; path = StoreCard.swift; sourceTree = "<group>"; };
		838409C378288CFA57B42809 /* HabitService.swift */ = {isa = PBXFileReference; lastKnownFileType = sourcecode.swift; path = HabitService.swift; sourceTree = "<group>"; };
		871EE15339EEC6D5F40AC259 /* Restock.app */ = {isa = PBXFileReference; explicitFileType = wrapper.application; includeInIndex = 0; path = Restock.app; sourceTree = BUILT_PRODUCTS_DIR; };
		88C3233FB5722D2CF4BE2B3A /* StoreDetailView.swift */ = {isa = PBXFileReference; lastKnownFileType = sourcecode.swift; path = StoreDetailView.swift; sourceTree = "<group>"; };
		98EB342AC7EE894C9C2B7A34 /* ItemRow.swift */ = {isa = PBXFileReference; lastKnownFileType = sourcecode.swift; path = ItemRow.swift; sourceTree = "<group>"; };
		9AB228D171BFA424F8AFC0CD /* StoreSetupView.swift */ = {isa = PBXFileReference; lastKnownFileType = sourcecode.swift; path = StoreSetupView.swift; sourceTree = "<group>"; };
		9D6DDDDC065602308F0A3A52 /* Assets.xcassets */ = {isa = PBXFileReference; lastKnownFileType = folder.assetcatalog; path = Assets.xcassets; sourceTree = "<group>"; };
		9E1FEF9707C7C16B4D0F2CF5 /* SmartCartApp.swift */ = {isa = PBXFileReference; lastKnownFileType = sourcecode.swift; path = SmartCartApp.swift; sourceTree = "<group>"; };
		A1B2C3D4E5F6A7B8C9D0E1F2 /* ReceiptParserService.swift */ = {isa = PBXFileReference; lastKnownFileType = sourcecode.swift; path = ReceiptParserService.swift; sourceTree = "<group>"; };
		AA22BB33CC44DD55EE66FF77 /* FeedbackItem.swift */ = {isa = PBXFileReference; lastKnownFileType = sourcecode.swift; path = FeedbackItem.swift; sourceTree = "<group>"; };
		BB22CC33DD44EE55FF6677AA /* BarcodeScannerView.swift */ = {isa = PBXFileReference; lastKnownFileType = sourcecode.swift; path = BarcodeScannerView.swift; sourceTree = "<group>"; };
		C362CB3A6517D504DCBC7D3E /* AddItemView.swift */ = {isa = PBXFileReference; lastKnownFileType = sourcecode.swift; path = AddItemView.swift; sourceTree = "<group>"; };
		C3D4E5F6A7B8C9D0E1F2A3B4 /* ReceiptScannerView.swift */ = {isa = PBXFileReference; lastKnownFileType = sourcecode.swift; path = ReceiptScannerView.swift; sourceTree = "<group>"; };
		C8B6F1B6E82484B41C0A48AD /* RecipeRecognitionService.swift */ = {isa = PBXFileReference; lastKnownFileType = sourcecode.swift; path = RecipeRecognitionService.swift; sourceTree = "<group>"; };
		CC44DD55EE66FF7788AABB33 /* TodoItem.swift */ = {isa = PBXFileReference; lastKnownFileType = sourcecode.swift; path = TodoItem.swift; sourceTree = "<group>"; };
		CCFCCBF3718D159EE3EBA05D /* FeedbackListView.swift */ = {isa = PBXFileReference; lastKnownFileType = sourcecode.swift; path = FeedbackListView.swift; sourceTree = "<group>"; };
		D267DA892CBED0BC9B534966 /* Color+Hex.swift */ = {isa = PBXFileReference; lastKnownFileType = sourcecode.swift; path = "Color+Hex.swift"; sourceTree = "<group>"; };
		DD34C5D25C3945D6153A049B /* PurchaseRecord.swift */ = {isa = PBXFileReference; lastKnownFileType = sourcecode.swift; path = PurchaseRecord.swift; sourceTree = "<group>"; };
		DD44EE55FF6677AABB11CC22 /* AddItemIntent.swift */ = {isa = PBXFileReference; lastKnownFileType = sourcecode.swift; path = AddItemIntent.swift; sourceTree = "<group>"; };
		EE77FF8899AABB33CC44DD55 /* CheckOffItemIntent.swift */ = {isa = PBXFileReference; lastKnownFileType = sourcecode.swift; path = CheckOffItemIntent.swift; sourceTree = "<group>"; };
		FF19B0C1D2E3F4A5B6C7D019 /* QuickAddControlIntent.swift */ = {isa = PBXFileReference; lastKnownFileType = sourcecode.swift; path = QuickAddControlIntent.swift; sourceTree = "<group>"; };
		E5F6A7B8C9D0E1F2A3B4C5D6 /* PriceOverviewView.swift */ = {isa = PBXFileReference; lastKnownFileType = sourcecode.swift; path = PriceOverviewView.swift; sourceTree = "<group>"; };
		9552F3DAFCE1AF7A59288E52 /* ActualPriceEntryView.swift */ = {isa = PBXFileReference; lastKnownFileType = sourcecode.swift; path = ActualPriceEntryView.swift; sourceTree = "<group>"; };
		EE66FF7788AABB33CC44DD55 /* TodoListView.swift */ = {isa = PBXFileReference; lastKnownFileType = sourcecode.swift; path = TodoListView.swift; sourceTree = "<group>"; };
		F2167065308D2C0091FD60DC /* DesignSystem.swift */ = {isa = PBXFileReference; lastKnownFileType = sourcecode.swift; path = DesignSystem.swift; sourceTree = "<group>"; };
		F2EE7B78F5DF69328D2EF6C4 /* en */ = {isa = PBXFileReference; lastKnownFileType = text.plist.strings; name = en; path = en.lproj/Localizable.strings; sourceTree = "<group>"; };
		FF6677AABB11CC22DD33EE44 /* SeasonalService.swift */ = {isa = PBXFileReference; lastKnownFileType = sourcecode.swift; path = SeasonalService.swift; sourceTree = "<group>"; };
		CF91A23B4D5E6F7A8B9C0D1E /* CloudPreferencesSync.swift */ = {isa = PBXFileReference; lastKnownFileType = sourcecode.swift; path = CloudPreferencesSync.swift; sourceTree = "<group>"; };
		FFE9FEE09743093F7E668D5E /* AssignmentService.swift */ = {isa = PBXFileReference; lastKnownFileType = sourcecode.swift; path = AssignmentService.swift; sourceTree = "<group>"; };
		A002B3C4D5E6F7A8B9C0D002 /* ShoppingActivityAttributes.swift */ = {isa = PBXFileReference; lastKnownFileType = sourcecode.swift; path = ShoppingActivityAttributes.swift; sourceTree = "<group>"; };
		A004D5E6F7A8B9C0D1E2F004 /* LiveActivityService.swift */ = {isa = PBXFileReference; lastKnownFileType = sourcecode.swift; path = LiveActivityService.swift; sourceTree = "<group>"; };
		A006F7A8B9C0D1E2F3A4B006 /* AllItemsView.swift */ = {isa = PBXFileReference; lastKnownFileType = sourcecode.swift; path = AllItemsView.swift; sourceTree = "<group>"; };
		WF01B2C3D4E5F6A7B8C9D001 /* SmartCartWidgetsBundle.swift */ = {isa = PBXFileReference; lastKnownFileType = sourcecode.swift; path = SmartCartWidgetsBundle.swift; sourceTree = "<group>"; };
		WF02C3D4E5F6A7B8C9D0E002 /* ShoppingLiveActivity.swift */ = {isa = PBXFileReference; lastKnownFileType = sourcecode.swift; path = ShoppingLiveActivity.swift; sourceTree = "<group>"; };
		WF15D6E7F8A9B0C1D2E3F015 /* QuickAddControl.swift */ = {isa = PBXFileReference; lastKnownFileType = sourcecode.swift; path = QuickAddControl.swift; sourceTree = "<group>"; };
		A101B2C3D4E5F6A7B8C9D101 /* AppDelegate.swift */ = {isa = PBXFileReference; lastKnownFileType = sourcecode.swift; path = AppDelegate.swift; sourceTree = "<group>"; };
		A103D4E5F6A7B8C9D0E1F103 /* QuickActionState.swift */ = {isa = PBXFileReference; lastKnownFileType = sourcecode.swift; path = QuickActionState.swift; sourceTree = "<group>"; };
		WF04E5F6A7B8C9D0E1F2A004 /* WidgetKit.framework */ = {isa = PBXFileReference; lastKnownFileType = wrapper.framework; name = WidgetKit.framework; path = System/Library/Frameworks/WidgetKit.framework; sourceTree = SDKROOT; };
		WF05F6A7B8C9D0E1F2A3B005 /* SwiftUI.framework */ = {isa = PBXFileReference; lastKnownFileType = wrapper.framework; name = SwiftUI.framework; path = System/Library/Frameworks/SwiftUI.framework; sourceTree = SDKROOT; };
		WF06A7B8C9D0E1F2A3B4C006 /* SmartCartWidgets.appex */ = {isa = PBXFileReference; explicitFileType = "wrapper.app-extension"; includeInIndex = 0; path = SmartCartWidgets.appex; sourceTree = BUILT_PRODUCTS_DIR; };
		WF07B8C9D0E1F2A3B4C5D007 /* Info.plist */ = {isa = PBXFileReference; lastKnownFileType = text.plist.xml; path = Info.plist; sourceTree = "<group>"; };
		AA01BB02CC03DD04EE05FF06 /* SmartCart.entitlements */ = {isa = PBXFileReference; lastKnownFileType = text.plist.entitlements; path = SmartCart.entitlements; sourceTree = "<group>"; };
		AA02BB03CC04DD05EE06FF07 /* SmartCartWidgets.entitlements */ = {isa = PBXFileReference; lastKnownFileType = text.plist.entitlements; path = SmartCartWidgets.entitlements; sourceTree = "<group>"; };
		AB10CD23EF45AB67CD89EF10 /* SharedStoreService.swift */ = {isa = PBXFileReference; lastKnownFileType = sourcecode.swift; path = SharedStoreService.swift; sourceTree = "<group>"; };
		1D541A3F4DFAAB047F30971D /* SyncCoordinator.swift */ = {isa = PBXFileReference; lastKnownFileType = sourcecode.swift; path = SyncCoordinator.swift; sourceTree = "<group>"; };
		TE01B2C3D4E5F6A7B8C9D001 /* TemplateService.swift */ = {isa = PBXFileReference; lastKnownFileType = sourcecode.swift; path = TemplateService.swift; sourceTree = "<group>"; };
		PS01B2C3D4E5F6A7B8C9D001 /* PremiumService.swift */ = {isa = PBXFileReference; lastKnownFileType = sourcecode.swift; path = PremiumService.swift; sourceTree = "<group>"; };
		PW01B2C3D4E5F6A7B8C9D001 /* PaywallView.swift */ = {isa = PBXFileReference; lastKnownFileType = sourcecode.swift; path = PaywallView.swift; sourceTree = "<group>"; };
		LV01B2C3D4E5F6A7B8C9D001 /* LegalView.swift */ = {isa = PBXFileReference; lastKnownFileType = sourcecode.swift; path = LegalView.swift; sourceTree = "<group>"; };
		SK01B2C3D4E5F6A7B8C9D001 /* Restock.storekit */ = {isa = PBXFileReference; lastKnownFileType = text; name = Restock.storekit; path = Restock.storekit; sourceTree = "<group>"; };
		AB12CD23EF45AB67CD89EF12 /* StoreShareSheet.swift */ = {isa = PBXFileReference; lastKnownFileType = sourcecode.swift; path = StoreShareSheet.swift; sourceTree = "<group>"; };
		BC10DE23FA56BC78DE90FA10 /* SchemaVersions.swift */ = {isa = PBXFileReference; lastKnownFileType = sourcecode.swift; path = SchemaVersions.swift; sourceTree = "<group>"; };
		BC12FA45BC78DE90FA12BC12 /* PrivacyInfo.xcprivacy */ = {isa = PBXFileReference; lastKnownFileType = "com.apple.privacy-manifest"; path = PrivacyInfo.xcprivacy; sourceTree = "<group>"; };
/* End PBXFileReference section */

/* Begin PBXGroup section */
		0630F8F8C67403AA0F3A36B7 /* SmartCart */ = {
			isa = PBXGroup;
			children = (
				AA01BB02CC03DD04EE05FF06 /* SmartCart.entitlements */,
				9D6DDDDC065602308F0A3A52 /* Assets.xcassets */,
				BC12FA45BC78DE90FA12BC12 /* PrivacyInfo.xcprivacy */,
				6CC5E77213853CDEEA9A76D3 /* ContentView.swift */,
				9E1FEF9707C7C16B4D0F2CF5 /* SmartCartApp.swift */,
				A101B2C3D4E5F6A7B8C9D101 /* AppDelegate.swift */,
				A103D4E5F6A7B8C9D0E1F103 /* QuickActionState.swift */,
				B92FD36FDF65C0E9FF2C5F14 /* Extensions */,
				3344556677889900AABB1122 /* Intents */,
				4DEFE8F3862D961AE9F4396B /* Models */,
				B5FCE1FBF0E026D78FE7F784 /* Preview Content */,
				A7FD7534E525CDE950803498 /* Resources */,
				BE82BC5FAA8E8055394392EC /* Services */,
				68EB2502F3B1C6C79FCA7D07 /* Views */,
			);
			path = SmartCart;
			sourceTree = "<group>";
		};
		3344556677889900AABB1122 /* Intents */ = {
			isa = PBXGroup;
			children = (
				DD44EE55FF6677AABB11CC22 /* AddItemIntent.swift */,
				EE77FF8899AABB33CC44DD55 /* CheckOffItemIntent.swift */,
				FF19B0C1D2E3F4A5B6C7D019 /* QuickAddControlIntent.swift */,
			);
			path = Intents;
			sourceTree = "<group>";
		};
		3397CEAABBF3978B6E2758CB = {
			isa = PBXGroup;
			children = (
				0630F8F8C67403AA0F3A36B7 /* SmartCart */,
				WG01B2C3D4E5F6A7B8C9D001 /* SmartCartWidgets */,
				AE714AD5A44F548B65398F30 /* Products */,
				SK01B2C3D4E5F6A7B8C9D001 /* Restock.storekit */,
			);
			sourceTree = "<group>";
		};
		WG01B2C3D4E5F6A7B8C9D001 /* SmartCartWidgets */ = {
			isa = PBXGroup;
			children = (
				AA02BB03CC04DD05EE06FF07 /* SmartCartWidgets.entitlements */,
				WF01B2C3D4E5F6A7B8C9D001 /* SmartCartWidgetsBundle.swift */,
				WF02C3D4E5F6A7B8C9D0E002 /* ShoppingLiveActivity.swift */,
				WF15D6E7F8A9B0C1D2E3F015 /* QuickAddControl.swift */,
				WF07B8C9D0E1F2A3B4C5D007 /* Info.plist */,
			);
			path = SmartCartWidgets;
			sourceTree = "<group>";
		};
		438E279559440C7CC053BDF0 /* Settings */ = {
			isa = PBXGroup;
			children = (
				5239F35789D83F615154249B /* BrowseStoresView.swift */,
				LV01B2C3D4E5F6A7B8C9D001 /* LegalView.swift */,
				77BA313610B6903F788B3D1B /* OnboardingView.swift */,
				16B385C380FF5123526F6E56 /* SettingsView.swift */,
				9AB228D171BFA424F8AFC0CD /* StoreSetupView.swift */,
				EE66FF7788AABB33CC44DD55 /* TodoListView.swift */,
			);
			path = Settings;
			sourceTree = "<group>";
		};
		4DEFE8F3862D961AE9F4396B /* Models */ = {
			isa = PBXGroup;
			children = (
				AA22BB33CC44DD55EE66FF77 /* FeedbackItem.swift */,
				DD34C5D25C3945D6153A049B /* PurchaseRecord.swift */,
				A002B3C4D5E6F7A8B9C0D002 /* ShoppingActivityAttributes.swift */,
				1791AA94F3726B793EB09F74 /* ShoppingItem.swift */,
				3A49612BE198AF3B48211B62 /* Store.swift */,
				CC44DD55EE66FF7788AABB33 /* TodoItem.swift */,
			);
			path = Models;
			sourceTree = "<group>";
		};
		52731D201DA8C4A63BCE29D3 /* Feedback */ = {
			isa = PBXGroup;
			children = (
				CCFCCBF3718D159EE3EBA05D /* FeedbackListView.swift */,
				19A4065E868200E2B3A0F02D /* FeedbackView.swift */,
			);
			path = Feedback;
			sourceTree = "<group>";
		};
		68EB2502F3B1C6C79FCA7D07 /* Views */ = {
			isa = PBXGroup;
			children = (
				DD44494B202C9F8E903DA0B0 /* Components */,
				52731D201DA8C4A63BCE29D3 /* Feedback */,
				F3E28CEEE4F8CA4471B65303 /* Home */,
				A7B8C9D0E1F2A3B4C5D6E7F8 /* Prices */,
				PG01B2C3D4E5F6A7B8C9D001 /* Premium */,
				BB6E9AA7318D66AE1F2DF3DE /* Recipe */,
				438E279559440C7CC053BDF0 /* Settings */,
				8C6C80A648AD9F536197C568 /* Store */,
			);
			path = Views;
			sourceTree = "<group>";
		};
		PG01B2C3D4E5F6A7B8C9D001 /* Premium */ = {
			isa = PBXGroup;
			children = (
				PW01B2C3D4E5F6A7B8C9D001 /* PaywallView.swift */,
			);
			path = Premium;
			sourceTree = "<group>";
		};
		8C6C80A648AD9F536197C568 /* Store */ = {
			isa = PBXGroup;
			children = (
				C362CB3A6517D504DCBC7D3E /* AddItemView.swift */,
				28094C6B2161D39A55624F68 /* EditItemView.swift */,
				88C3233FB5722D2CF4BE2B3A /* StoreDetailView.swift */,
				AB12CD23EF45AB67CD89EF12 /* StoreShareSheet.swift */,
			);
			path = Store;
			sourceTree = "<group>";
		};
		A7B8C9D0E1F2A3B4C5D6E7F8 /* Prices */ = {
			isa = PBXGroup;
			children = (
				C3D4E5F6A7B8C9D0E1F2A3B4 /* ReceiptScannerView.swift */,
				E5F6A7B8C9D0E1F2A3B4C5D6 /* PriceOverviewView.swift */,
				9552F3DAFCE1AF7A59288E52 /* ActualPriceEntryView.swift */,
			);
			path = Prices;
			sourceTree = "<group>";
		};
		A7FD7534E525CDE950803498 /* Resources */ = {
			isa = PBXGroup;
			children = (
				55FFB2C5C2C97A02689A1FB6 /* Localizable.strings */,
			);
			path = Resources;
			sourceTree = "<group>";
		};
		AE714AD5A44F548B65398F30 /* Products */ = {
			isa = PBXGroup;
			children = (
				871EE15339EEC6D5F40AC259 /* Restock.app */,
				WF06A7B8C9D0E1F2A3B4C006 /* SmartCartWidgets.appex */,
			);
			name = Products;
			sourceTree = "<group>";
		};
		B5FCE1FBF0E026D78FE7F784 /* Preview Content */ = {
			isa = PBXGroup;
			children = (
				3D46E9154361B0400E35C6B6 /* Preview Assets.xcassets */,
			);
			path = "Preview Content";
			sourceTree = "<group>";
		};
		B92FD36FDF65C0E9FF2C5F14 /* Extensions */ = {
			isa = PBXGroup;
			children = (
				D267DA892CBED0BC9B534966 /* Color+Hex.swift */,
				F2167065308D2C0091FD60DC /* DesignSystem.swift */,
			);
			path = Extensions;
			sourceTree = "<group>";
		};
		BB6E9AA7318D66AE1F2DF3DE /* Recipe */ = {
			isa = PBXGroup;
			children = (
				2A802E16773399D7FEE19D68 /* RecipeImportView.swift */,
			);
			path = Recipe;
			sourceTree = "<group>";
		};
		BE82BC5FAA8E8055394392EC /* Services */ = {
			isa = PBXGroup;
			children = (
				FFE9FEE09743093F7E668D5E /* AssignmentService.swift */,
				838409C378288CFA57B42809 /* HabitService.swift */,
				A004D5E6F7A8B9C0D1E2F004 /* LiveActivityService.swift */,
				47184F36A40105B9BDD79C7B /* NotificationService.swift */,
				427C78F11F632892DD9E807F /* QuickAddParser.swift */,
				C8B6F1B6E82484B41C0A48AD /* RecipeRecognitionService.swift */,
				A1B2C3D4E5F6A7B8C9D0E1F2 /* ReceiptParserService.swift */,
				FF6677AABB11CC22DD33EE44 /* SeasonalService.swift */,
				BC10DE23FA56BC78DE90FA10 /* SchemaVersions.swift */,
				CF91A23B4D5E6F7A8B9C0D1E /* CloudPreferencesSync.swift */,
				AB10CD23EF45AB67CD89EF10 /* SharedStoreService.swift */,
				1D541A3F4DFAAB047F30971D /* SyncCoordinator.swift */,
				TE01B2C3D4E5F6A7B8C9D001 /* TemplateService.swift */,
				PS01B2C3D4E5F6A7B8C9D001 /* PremiumService.swift */,
			);
			path = Services;
			sourceTree = "<group>";
		};
		DD44494B202C9F8E903DA0B0 /* Components */ = {
			isa = PBXGroup;
			children = (
				BB22CC33DD44EE55FF6677AA /* BarcodeScannerView.swift */,
				1F251AAC3AEE858B76DCF7E8 /* DevFeedbackButton.swift */,
				98EB342AC7EE894C9C2B7A34 /* ItemRow.swift */,
				375D6F2D2F8E5E3333A4A5CE /* QuantityStepperField.swift */,
				83130764D304E50CAB3E2DD7 /* StoreCard.swift */,
			);
			path = Components;
			sourceTree = "<group>";
		};
		F3E28CEEE4F8CA4471B65303 /* Home */ = {
			isa = PBXGroup;
			children = (
				A006F7A8B9C0D1E2F3A4B006 /* AllItemsView.swift */,
				7378581EFFCC02A1BF2FD3A3 /* HomeView.swift */,
				2233445566778899AA0BBB11 /* MenuPlanView.swift */,
			);
			path = Home;
			sourceTree = "<group>";
		};
/* End PBXGroup section */

/* Begin PBXContainerItemProxy section */
		WP01B2C3D4E5F6A7B8C9D001 /* PBXContainerItemProxy */ = {
			isa = PBXContainerItemProxy;
			containerPortal = 40A120AFCD25C1BB508B1946 /* Project object */;
			proxyType = 1;
			remoteGlobalIDString = WT01B2C3D4E5F6A7B8C9D001;
			remoteInfo = SmartCartWidgets;
		};
/* End PBXContainerItemProxy section */

/* Begin PBXNativeTarget section */
		5EBD46E01B8EEC0BEA111929 /* Restock */ = {
			isa = PBXNativeTarget;
			buildConfigurationList = B0D3249617C99934BD7C6211 /* Build configuration list for PBXNativeTarget "SmartCart" */;
			buildPhases = (
				0065FDF133D608FEC5BE4F32 /* Sources */,
				95C9FAF60054B0410E586FD7 /* Resources */,
				WD07B8C9D0E1F2A3B4C5D007 /* Embed Foundation Extensions */,
			);
			buildRules = (
			);
			dependencies = (
				WTD1B2C3D4E5F6A7B8C9D001 /* PBXTargetDependency */,
			);
			name = Restock;
			packageProductDependencies = (
			);
			productName = Restock;
			productReference = 871EE15339EEC6D5F40AC259 /* Restock.app */;
			productType = "com.apple.product-type.application";
		};
		WT01B2C3D4E5F6A7B8C9D001 /* SmartCartWidgets */ = {
			isa = PBXNativeTarget;
			buildConfigurationList = WCL1B2C3D4E5F6A7B8C9D001 /* Build configuration list for PBXNativeTarget "SmartCartWidgets" */;
			buildPhases = (
				WSP1B2C3D4E5F6A7B8C9D001 /* Sources */,
				WFP1B2C3D4E5F6A7B8C9D001 /* Frameworks */,
				WRP1B2C3D4E5F6A7B8C9D001 /* Resources */,
			);
			buildRules = (
			);
			dependencies = (
			);
			name = SmartCartWidgets;
			productName = SmartCartWidgets;
			productReference = WF06A7B8C9D0E1F2A3B4C006 /* SmartCartWidgets.appex */;
			productType = "com.apple.product-type.app-extension";
		};
/* End PBXNativeTarget section */

/* Begin PBXTargetDependency section */
		WTD1B2C3D4E5F6A7B8C9D001 /* PBXTargetDependency */ = {
			isa = PBXTargetDependency;
			target = WT01B2C3D4E5F6A7B8C9D001 /* SmartCartWidgets */;
			targetProxy = WP01B2C3D4E5F6A7B8C9D001 /* PBXContainerItemProxy */;
		};
/* End PBXTargetDependency section */

/* Begin PBXProject section */
		40A120AFCD25C1BB508B1946 /* Project object */ = {
			isa = PBXProject;
			attributes = {
				BuildIndependentTargetsInParallel = YES;
				LastUpgradeCheck = 1430;
			};
			buildConfigurationList = 4392888BD7375FA2E093AD50 /* Build configuration list for PBXProject "SmartCart" */;
			developmentRegion = en;
			hasScannedForEncodings = 0;
			knownRegions = (
				Base,
				de,
				en,
			);
			mainGroup = 3397CEAABBF3978B6E2758CB;
			minimizedProjectReferenceProxies = 1;
			preferredProjectObjectVersion = 77;
			productRefGroup = AE714AD5A44F548B65398F30 /* Products */;
			projectDirPath = "";
			projectRoot = "";
			targets = (
				5EBD46E01B8EEC0BEA111929 /* Restock */,
				WT01B2C3D4E5F6A7B8C9D001 /* SmartCartWidgets */,
			);
		};
/* End PBXProject section */

/* Begin PBXFrameworksBuildPhase section */
		WFP1B2C3D4E5F6A7B8C9D001 /* Frameworks */ = {
			isa = PBXFrameworksBuildPhase;
			buildActionMask = 2147483647;
			files = (
				WD04E5F6A7B8C9D0E1F2A004 /* WidgetKit.framework in Frameworks */,
				WD05F6A7B8C9D0E1F2A3B005 /* SwiftUI.framework in Frameworks */,
			);
			runOnlyForDeploymentPostprocessing = 0;
		};
/* End PBXFrameworksBuildPhase section */

/* Begin PBXResourcesBuildPhase section */
		95C9FAF60054B0410E586FD7 /* Resources */ = {
			isa = PBXResourcesBuildPhase;
			buildActionMask = 2147483647;
			files = (
				F1F4216C977DED9D403293FE /* Assets.xcassets in Resources */,
				ACAA0ED3F8C4A30CB3B60F17 /* Localizable.strings in Resources */,
				78F5AF4484B268BB933F98AA /* Preview Assets.xcassets in Resources */,
				BC13AB56CD89EF01AB23CD13 /* PrivacyInfo.xcprivacy in Resources */,
			);
			runOnlyForDeploymentPostprocessing = 0;
		};
		WRP1B2C3D4E5F6A7B8C9D001 /* Resources */ = {
			isa = PBXResourcesBuildPhase;
			buildActionMask = 2147483647;
			files = (
			);
			runOnlyForDeploymentPostprocessing = 0;
		};
/* End PBXResourcesBuildPhase section */

/* Begin PBXSourcesBuildPhase section */
		WSP1B2C3D4E5F6A7B8C9D001 /* Sources */ = {
			isa = PBXSourcesBuildPhase;
			buildActionMask = 2147483647;
			files = (
				WD01B2C3D4E5F6A7B8C9D001 /* SmartCartWidgetsBundle.swift in Sources */,
				WD02C3D4E5F6A7B8C9D0E002 /* ShoppingLiveActivity.swift in Sources */,
				WD03D4E5F6A7B8C9D0E1F003 /* ShoppingActivityAttributes.swift in Sources */,
				WD08C9D0E1F2A3B4C5D6E008 /* CheckOffItemIntent.swift in Sources */,
				WD09D0E1F2A3B4C5D6E7F009 /* Store.swift in Sources */,
				WD10E1F2A3B4C5D6E7F8A010 /* ShoppingItem.swift in Sources */,
				WD11F2A3B4C5D6E7F8A9B011 /* PurchaseRecord.swift in Sources */,
				WD12A3B4C5D6E7F8A9B0C012 /* Color+Hex.swift in Sources */,
				WD13B4C5D6E7F8A9B0C1D013 /* FeedbackItem.swift in Sources */,
				WD14C5D6E7F8A9B0C1D2E014 /* TodoItem.swift in Sources */,
				WD15D6E7F8A9B0C1D2E3F015 /* QuickAddControl.swift in Sources */,
				FF21D2E3F4A5B6C7D8E9F021 /* QuickAddControlIntent.swift in Sources */,
			);
			runOnlyForDeploymentPostprocessing = 0;
		};
		0065FDF133D608FEC5BE4F32 /* Sources */ = {
			isa = PBXSourcesBuildPhase;
			buildActionMask = 2147483647;
			files = (
				CC33DD44EE55FF6677AABB11 /* AddItemIntent.swift in Sources */,
				CC44DD55EE66FF7799AABB22 /* CheckOffItemIntent.swift in Sources */,
				FF20C1D2E3F4A5B6C7D8E020 /* QuickAddControlIntent.swift in Sources */,
				DEBF56414AA7F6AF04B254E2 /* AddItemView.swift in Sources */,
				A005E6F7A8B9C0D1E2F3A005 /* AllItemsView.swift in Sources */,
				0B64D059E2535909BBC07B1B /* AssignmentService.swift in Sources */,
				AA11BB22CC33DD44EE55FF66 /* BarcodeScannerView.swift in Sources */,
				CE780CEB38E00FF824BE132F /* BrowseStoresView.swift in Sources */,
				9B4FFFAEAC238BFC6CEDCF83 /* Color+Hex.swift in Sources */,
				62F62920AC736E7DAF25E422 /* ContentView.swift in Sources */,
				468A61978094AF399D7F1A36 /* DesignSystem.swift in Sources */,
				BEA22437C49C7A0CEC5786AE /* DevFeedbackButton.swift in Sources */,
				07C6DACB1748CA164C7E39B9 /* EditItemView.swift in Sources */,
				BB33CC44DD55EE66FF7788AA /* FeedbackItem.swift in Sources */,
				4AE5CAE2FF18BC98E813B9B3 /* FeedbackListView.swift in Sources */,
				C9139F3211CC76DF720FB66C /* FeedbackView.swift in Sources */,
				FF43B1B80F202D6734200639 /* HabitService.swift in Sources */,
				1EEFDCF2812D084BA0E49570 /* HomeView.swift in Sources */,
				A003C4D5E6F7A8B9C0D1E003 /* LiveActivityService.swift in Sources */,
				9AC5CF73301BBC2A06342131 /* ItemRow.swift in Sources */,
				1122334455667788990AABB1 /* MenuPlanView.swift in Sources */,
				CF2E2F0FE6EDD8C5B29CD22E /* NotificationService.swift in Sources */,
				0614C48D34DF2EBE3B029C8C /* OnboardingView.swift in Sources */,
				DDE7767C2A2E25E83FA6CFC8 /* PurchaseRecord.swift in Sources */,
				F9AC89E9E28CA2F005490D40 /* QuantityStepperField.swift in Sources */,
				9D0E42859AFB4024C1CA85F5 /* QuickAddParser.swift in Sources */,
				99C1C04FD88022B0F3E9A1E2 /* RecipeImportView.swift in Sources */,
				856A7E292BA26C783B908D38 /* RecipeRecognitionService.swift in Sources */,
				EE55FF6677AABB11CC22DD33 /* SeasonalService.swift in Sources */,
				BC11EF34AB67CD89EF01AB11 /* SchemaVersions.swift in Sources */,
				D0E2F3A4B5C6D7E8F9A0B1C2 /* CloudPreferencesSync.swift in Sources */,
				11B1C5980F8E6058CDAE01B8 /* SettingsView.swift in Sources */,
				A001B2C3D4E5F6A7B8C9D001 /* ShoppingActivityAttributes.swift in Sources */,
				A21EA866AA3A88E3DF1D7EF9 /* ShoppingItem.swift in Sources */,
				8F90D434BA1046F149A56C75 /* SmartCartApp.swift in Sources */,
				9ECE3DCC45AE32CCEAA8981D /* Store.swift in Sources */,
				F7EA55CF68EF8E5935FE983A /* StoreCard.swift in Sources */,
				DD55EE66FF7788AABB33CC44 /* TodoItem.swift in Sources */,
				FF7788AABB33CC44DD55EE66 /* TodoListView.swift in Sources */,
				D0518513ABE97A21C14A74C3 /* StoreDetailView.swift in Sources */,
				429C369375554B2060939718 /* StoreSetupView.swift in Sources */,
				B2C3D4E5F6A7B8C9D0E1F2A3 /* ReceiptParserService.swift in Sources */,
				D4E5F6A7B8C9D0E1F2A3B4C5 /* ReceiptScannerView.swift in Sources */,
				F6A7B8C9D0E1F2A3B4C5D6E7 /* PriceOverviewView.swift in Sources */,
				AEBD09BFC16B566EAF6E18EC /* ActualPriceEntryView.swift in Sources */,
				A102C3D4E5F6A7B8C9D0E102 /* AppDelegate.swift in Sources */,
				A104E5F6A7B8C9D0E1F2A104 /* QuickActionState.swift in Sources */,
				AB11CD23EF45AB67CD89EF11 /* SharedStoreService.swift in Sources */,
				16A1125DF51DA59574F5299F /* SyncCoordinator.swift in Sources */,
				AB13CD23EF45AB67CD89EF13 /* StoreShareSheet.swift in Sources */,
				TE02C3D4E5F6A7B8C9D0E002 /* TemplateService.swift in Sources */,
				PS02C3D4E5F6A7B8C9D0E002 /* PremiumService.swift in Sources */,
				PW02C3D4E5F6A7B8C9D0E002 /* PaywallView.swift in Sources */,
				LV02C3D4E5F6A7B8C9D0E002 /* LegalView.swift in Sources */,
			);
			runOnlyForDeploymentPostprocessing = 0;
		};
/* End PBXSourcesBuildPhase section */

/* Begin PBXVariantGroup section */
		55FFB2C5C2C97A02689A1FB6 /* Localizable.strings */ = {
			isa = PBXVariantGroup;
			children = (
				7766D5E81D983AD2334B6011 /* de */,
				F2EE7B78F5DF69328D2EF6C4 /* en */,
			);
			name = Localizable.strings;
			sourceTree = "<group>";
		};
/* End PBXVariantGroup section */

/* Begin XCBuildConfiguration section */
		5174F1A6A19B74292D87FAB1 /* Release */ = {
			isa = XCBuildConfiguration;
			buildSettings = {
				ASSETCATALOG_COMPILER_APPICON_NAME = AppIcon;
				ASSETCATALOG_COMPILER_GLOBAL_ACCENT_COLOR_NAME = AccentColor;
				CODE_SIGN_ENTITLEMENTS = SmartCart/SmartCart.entitlements;
				CODE_SIGN_IDENTITY = "iPhone Developer";
				CURRENT_PROJECT_VERSION = 2;
				DEVELOPMENT_TEAM = XK87E2B3VR;
				GENERATE_INFOPLIST_FILE = YES;
				INFOPLIST_KEY_ITSAppUsesNonExemptEncryption = NO;
				INFOPLIST_KEY_NSCameraUsageDescription = "Restock needs camera access to scan recipe photos.";
				INFOPLIST_KEY_NSPhotoLibraryUsageDescription = "Restock needs photo library access to import recipe photos.";
				INFOPLIST_KEY_NSSupportsLiveActivities = YES;
				INFOPLIST_KEY_UIApplicationSceneManifest_Generation = YES;
				INFOPLIST_KEY_UIBackgroundModes = "remote-notification";
				INFOPLIST_KEY_UILaunchScreen_BackgroundColor = LaunchBackground;
				INFOPLIST_KEY_UILaunchScreen_Generation = YES;
				INFOPLIST_KEY_UISupportedInterfaceOrientations_iPad = "UIInterfaceOrientationPortrait UIInterfaceOrientationPortraitUpsideDown UIInterfaceOrientationLandscapeLeft UIInterfaceOrientationLandscapeRight";
				INFOPLIST_KEY_UISupportedInterfaceOrientations_iPhone = "UIInterfaceOrientationPortrait UIInterfaceOrientationLandscapeLeft UIInterfaceOrientationLandscapeRight";
				IPHONEOS_DEPLOYMENT_TARGET = 18.0;
				LD_RUNPATH_SEARCH_PATHS = (
					"$(inherited)",
					"@executable_path/Frameworks",
				);
				MARKETING_VERSION = 1.0;
				PRODUCT_BUNDLE_IDENTIFIER = com.johannesemmrich.Restock;
				SDKROOT = iphoneos;
				SWIFT_VERSION = 5.9;
				TARGETED_DEVICE_FAMILY = "1,2";
			};
			name = Release;
		};
		5BAD647EDC47290A5DC2A6F3 /* Debug */ = {
			isa = XCBuildConfiguration;
			buildSettings = {
				ALWAYS_SEARCH_USER_PATHS = NO;
				CLANG_ANALYZER_NONNULL = YES;
				CLANG_ANALYZER_NUMBER_OBJECT_CONVERSION = YES_AGGRESSIVE;
				CLANG_CXX_LANGUAGE_STANDARD = "gnu++14";
				CLANG_CXX_LIBRARY = "libc++";
				CLANG_ENABLE_MODULES = YES;
				CLANG_ENABLE_OBJC_ARC = YES;
				CLANG_ENABLE_OBJC_WEAK = YES;
				CLANG_WARN_BLOCK_CAPTURE_AUTORELEASING = YES;
				CLANG_WARN_BOOL_CONVERSION = YES;
				CLANG_WARN_COMMA = YES;
				CLANG_WARN_CONSTANT_CONVERSION = YES;
				CLANG_WARN_DEPRECATED_OBJC_IMPLEMENTATIONS = YES;
				CLANG_WARN_DIRECT_OBJC_ISA_USAGE = YES_ERROR;
				CLANG_WARN_DOCUMENTATION_COMMENTS = YES;
				CLANG_WARN_EMPTY_BODY = YES;
				CLANG_WARN_ENUM_CONVERSION = YES;
				CLANG_WARN_INFINITE_RECURSION = YES;
				CLANG_WARN_INT_CONVERSION = YES;
				CLANG_WARN_NON_LITERAL_NULL_CONVERSION = YES;
				CLANG_WARN_OBJC_IMPLICIT_RETAIN_SELF = YES;
				CLANG_WARN_OBJC_LITERAL_CONVERSION = YES;
				CLANG_WARN_OBJC_ROOT_CLASS = YES_ERROR;
				CLANG_WARN_QUOTED_INCLUDE_IN_FRAMEWORK_HEADER = YES;
				CLANG_WARN_RANGE_LOOP_ANALYSIS = YES;
				CLANG_WARN_STRICT_PROTOTYPES = YES;
				CLANG_WARN_SUSPICIOUS_MOVE = YES;
				CLANG_WARN_UNGUARDED_AVAILABILITY = YES_AGGRESSIVE;
				CLANG_WARN_UNREACHABLE_CODE = YES;
				CLANG_WARN__DUPLICATE_METHOD_MATCH = YES;
				COPY_PHASE_STRIP = NO;
				DEBUG_INFORMATION_FORMAT = dwarf;
				ENABLE_STRICT_OBJC_MSGSEND = YES;
				ENABLE_TESTABILITY = YES;
				GCC_C_LANGUAGE_STANDARD = gnu11;
				GCC_DYNAMIC_NO_PIC = NO;
				GCC_NO_COMMON_BLOCKS = YES;
				GCC_OPTIMIZATION_LEVEL = 0;
				GCC_PREPROCESSOR_DEFINITIONS = (
					"$(inherited)",
					"DEBUG=1",
				);
				GCC_WARN_64_TO_32_BIT_CONVERSION = YES;
				GCC_WARN_ABOUT_RETURN_TYPE = YES_ERROR;
				GCC_WARN_UNDECLARED_SELECTOR = YES;
				GCC_WARN_UNINITIALIZED_AUTOS = YES_AGGRESSIVE;
				GCC_WARN_UNUSED_FUNCTION = YES;
				GCC_WARN_UNUSED_VARIABLE = YES;
				IPHONEOS_DEPLOYMENT_TARGET = 18.0;
				MTL_ENABLE_DEBUG_INFO = INCLUDE_SOURCE;
				MTL_FAST_MATH = YES;
				ONLY_ACTIVE_ARCH = YES;
				PRODUCT_NAME = "$(TARGET_NAME)";
				SDKROOT = iphoneos;
				SWIFT_ACTIVE_COMPILATION_CONDITIONS = DEBUG;
				SWIFT_OPTIMIZATION_LEVEL = "-Onone";
				SWIFT_VERSION = 5.0;
			};
			name = Debug;
		};
		A7D7E767861C5809D90B7040 /* Release */ = {
			isa = XCBuildConfiguration;
			buildSettings = {
				ALWAYS_SEARCH_USER_PATHS = NO;
				CLANG_ANALYZER_NONNULL = YES;
				CLANG_ANALYZER_NUMBER_OBJECT_CONVERSION = YES_AGGRESSIVE;
				CLANG_CXX_LANGUAGE_STANDARD = "gnu++14";
				CLANG_CXX_LIBRARY = "libc++";
				CLANG_ENABLE_MODULES = YES;
				CLANG_ENABLE_OBJC_ARC = YES;
				CLANG_ENABLE_OBJC_WEAK = YES;
				CLANG_WARN_BLOCK_CAPTURE_AUTORELEASING = YES;
				CLANG_WARN_BOOL_CONVERSION = YES;
				CLANG_WARN_COMMA = YES;
				CLANG_WARN_CONSTANT_CONVERSION = YES;
				CLANG_WARN_DEPRECATED_OBJC_IMPLEMENTATIONS = YES;
				CLANG_WARN_DIRECT_OBJC_ISA_USAGE = YES_ERROR;
				CLANG_WARN_DOCUMENTATION_COMMENTS = YES;
				CLANG_WARN_EMPTY_BODY = YES;
				CLANG_WARN_ENUM_CONVERSION = YES;
				CLANG_WARN_INFINITE_RECURSION = YES;
				CLANG_WARN_INT_CONVERSION = YES;
				CLANG_WARN_NON_LITERAL_NULL_CONVERSION = YES;
				CLANG_WARN_OBJC_IMPLICIT_RETAIN_SELF = YES;
				CLANG_WARN_OBJC_LITERAL_CONVERSION = YES;
				CLANG_WARN_OBJC_ROOT_CLASS = YES_ERROR;
				CLANG_WARN_QUOTED_INCLUDE_IN_FRAMEWORK_HEADER = YES;
				CLANG_WARN_RANGE_LOOP_ANALYSIS = YES;
				CLANG_WARN_STRICT_PROTOTYPES = YES;
				CLANG_WARN_SUSPICIOUS_MOVE = YES;
				CLANG_WARN_UNGUARDED_AVAILABILITY = YES_AGGRESSIVE;
				CLANG_WARN_UNREACHABLE_CODE = YES;
				CLANG_WARN__DUPLICATE_METHOD_MATCH = YES;
				COPY_PHASE_STRIP = NO;
				DEBUG_INFORMATION_FORMAT = "dwarf-with-dsym";
				ENABLE_NS_ASSERTIONS = NO;
				ENABLE_STRICT_OBJC_MSGSEND = YES;
				GCC_C_LANGUAGE_STANDARD = gnu11;
				GCC_NO_COMMON_BLOCKS = YES;
				GCC_WARN_64_TO_32_BIT_CONVERSION = YES;
				GCC_WARN_ABOUT_RETURN_TYPE = YES_ERROR;
				GCC_WARN_UNDECLARED_SELECTOR = YES;
				GCC_WARN_UNINITIALIZED_AUTOS = YES_AGGRESSIVE;
				GCC_WARN_UNUSED_FUNCTION = YES;
				GCC_WARN_UNUSED_VARIABLE = YES;
				IPHONEOS_DEPLOYMENT_TARGET = 18.0;
				MTL_ENABLE_DEBUG_INFO = NO;
				MTL_FAST_MATH = YES;
				PRODUCT_NAME = "$(TARGET_NAME)";
				SDKROOT = iphoneos;
				SWIFT_COMPILATION_MODE = wholemodule;
				SWIFT_OPTIMIZATION_LEVEL = "-O";
				SWIFT_VERSION = 5.0;
			};
			name = Release;
		};
		F60F9E1551D0D1BC48665596 /* Debug */ = {
			isa = XCBuildConfiguration;
			buildSettings = {
				ASSETCATALOG_COMPILER_APPICON_NAME = AppIcon;
				ASSETCATALOG_COMPILER_GLOBAL_ACCENT_COLOR_NAME = AccentColor;
				CODE_SIGN_ENTITLEMENTS = SmartCart/SmartCart.entitlements;
				CODE_SIGN_IDENTITY = "iPhone Developer";
				CURRENT_PROJECT_VERSION = 2;
				DEVELOPMENT_TEAM = XK87E2B3VR;
				GENERATE_INFOPLIST_FILE = YES;
				INFOPLIST_KEY_ITSAppUsesNonExemptEncryption = NO;
				INFOPLIST_KEY_NSCameraUsageDescription = "Restock needs camera access to scan recipe photos.";
				INFOPLIST_KEY_NSPhotoLibraryUsageDescription = "Restock needs photo library access to import recipe photos.";
				INFOPLIST_KEY_NSSupportsLiveActivities = YES;
				INFOPLIST_KEY_UIApplicationSceneManifest_Generation = YES;
				INFOPLIST_KEY_UIBackgroundModes = "remote-notification";
				INFOPLIST_KEY_UILaunchScreen_BackgroundColor = LaunchBackground;
				INFOPLIST_KEY_UILaunchScreen_Generation = YES;
				INFOPLIST_KEY_UISupportedInterfaceOrientations_iPad = "UIInterfaceOrientationPortrait UIInterfaceOrientationPortraitUpsideDown UIInterfaceOrientationLandscapeLeft UIInterfaceOrientationLandscapeRight";
				INFOPLIST_KEY_UISupportedInterfaceOrientations_iPhone = "UIInterfaceOrientationPortrait UIInterfaceOrientationLandscapeLeft UIInterfaceOrientationLandscapeRight";
				IPHONEOS_DEPLOYMENT_TARGET = 18.0;
				LD_RUNPATH_SEARCH_PATHS = (
					"$(inherited)",
					"@executable_path/Frameworks",
				);
				MARKETING_VERSION = 1.0;
				PRODUCT_BUNDLE_IDENTIFIER = com.johannesemmrich.Restock;
				SDKROOT = iphoneos;
				SWIFT_VERSION = 5.9;
				TARGETED_DEVICE_FAMILY = "1,2";
			};
			name = Debug;
		};
		WBC1B2C3D4E5F6A7B8C9D001 /* Debug */ = {
			isa = XCBuildConfiguration;
			buildSettings = {
				CODE_SIGN_ENTITLEMENTS = SmartCartWidgets/SmartCartWidgets.entitlements;
				CODE_SIGN_IDENTITY = "iPhone Developer";
				CODE_SIGN_STYLE = Automatic;
				CURRENT_PROJECT_VERSION = 2;
				DEVELOPMENT_TEAM = XK87E2B3VR;
				GENERATE_INFOPLIST_FILE = NO;
				INFOPLIST_FILE = SmartCartWidgets/Info.plist;
				IPHONEOS_DEPLOYMENT_TARGET = 18.0;
				LD_RUNPATH_SEARCH_PATHS = (
					"$(inherited)",
					"@executable_path/Frameworks",
					"@executable_path/../../Frameworks",
				);
				MARKETING_VERSION = 1.0;
				PRODUCT_BUNDLE_IDENTIFIER = com.johannesemmrich.Restock.SmartCartWidgets;
				PRODUCT_NAME = "$(TARGET_NAME)";
				SDKROOT = iphoneos;
				SKIP_INSTALL = YES;
				SWIFT_ACTIVE_COMPILATION_CONDITIONS = DEBUG;
				SWIFT_OPTIMIZATION_LEVEL = "-Onone";
				SWIFT_VERSION = 5.9;
				TARGETED_DEVICE_FAMILY = "1,2";
			};
			name = Debug;
		};
		WBC2B3C4D5E6F7A8B9C0D002 /* Release */ = {
			isa = XCBuildConfiguration;
			buildSettings = {
				CODE_SIGN_ENTITLEMENTS = SmartCartWidgets/SmartCartWidgets.entitlements;
				CODE_SIGN_IDENTITY = "iPhone Developer";
				CODE_SIGN_STYLE = Automatic;
				CURRENT_PROJECT_VERSION = 2;
				DEVELOPMENT_TEAM = XK87E2B3VR;
				GENERATE_INFOPLIST_FILE = NO;
				INFOPLIST_FILE = SmartCartWidgets/Info.plist;
				IPHONEOS_DEPLOYMENT_TARGET = 18.0;
				LD_RUNPATH_SEARCH_PATHS = (
					"$(inherited)",
					"@executable_path/Frameworks",
					"@executable_path/../../Frameworks",
				);
				MARKETING_VERSION = 1.0;
				PRODUCT_BUNDLE_IDENTIFIER = com.johannesemmrich.Restock.SmartCartWidgets;
				PRODUCT_NAME = "$(TARGET_NAME)";
				SDKROOT = iphoneos;
				SKIP_INSTALL = YES;
				SWIFT_COMPILATION_MODE = wholemodule;
				SWIFT_OPTIMIZATION_LEVEL = "-O";
				SWIFT_VERSION = 5.9;
				TARGETED_DEVICE_FAMILY = "1,2";
			};
			name = Release;
		};
/* End XCBuildConfiguration section */

/* Begin XCConfigurationList section */
		4392888BD7375FA2E093AD50 /* Build configuration list for PBXProject "SmartCart" */ = {
			isa = XCConfigurationList;
			buildConfigurations = (
				5BAD647EDC47290A5DC2A6F3 /* Debug */,
				A7D7E767861C5809D90B7040 /* Release */,
			);
			defaultConfigurationIsVisible = 0;
			defaultConfigurationName = Debug;
		};
		B0D3249617C99934BD7C6211 /* Build configuration list for PBXNativeTarget "SmartCart" */ = {
			isa = XCConfigurationList;
			buildConfigurations = (
				F60F9E1551D0D1BC48665596 /* Debug */,
				5174F1A6A19B74292D87FAB1 /* Release */,
			);
			defaultConfigurationIsVisible = 0;
			defaultConfigurationName = Debug;
		};
		WCL1B2C3D4E5F6A7B8C9D001 /* Build configuration list for PBXNativeTarget "SmartCartWidgets" */ = {
			isa = XCConfigurationList;
			buildConfigurations = (
				WBC1B2C3D4E5F6A7B8C9D001 /* Debug */,
				WBC2B3C4D5E6F7A8B9C0D002 /* Release */,
			);
			defaultConfigurationIsVisible = 0;
			defaultConfigurationName = Debug;
		};
/* End XCConfigurationList section */
	};
	rootObject = 40A120AFCD25C1BB508B1946 /* Project object */;
}
