// !$*UTF8*$!
{
	archiveVersion = 1;
	classes = {
	};
	objectVersion = 77;
	objects = {

/* Begin PBXBuildFile section */
		0503BAEECD10EAC68D657F43 /* SharedStoreService.swift in Sources */ = {isa = PBXBuildFile; fileRef = A1766165B3F2604B32CDF325 /* SharedStoreService.swift */; };
		059ED66B634ECEBA14ADDC6B /* NotificationService.swift in Sources */ = {isa = PBXBuildFile; fileRef = 9B2A1EB22AD0811654C001D2 /* NotificationService.swift */; };
		0A78A28FBF5674A858A985C2 /* CGImagePropertyOrientation+UIImage.swift in Sources */ = {isa = PBXBuildFile; fileRef = 98F51AA9DCF1ADFC21308D83 /* CGImagePropertyOrientation+UIImage.swift */; };
		0C9590985D77472293C9588A /* SmartCartWidgets.appex in Embed Foundation Extensions */ = {isa = PBXBuildFile; fileRef = 2DC36AAF6609AD2E3E1ED90C /* SmartCartWidgets.appex */; settings = {ATTRIBUTES = (RemoveHeadersOnCopy, ); }; };
		0D82EF580C3A6433AD4D11E7 /* FeedbackView.swift in Sources */ = {isa = PBXBuildFile; fileRef = B61D35E4D1402C78C693A39B /* FeedbackView.swift */; };
		0E572B57E04F1F59292F514F /* ShoppingActivityAttributes.swift in Sources */ = {isa = PBXBuildFile; fileRef = A859546BD22AB55E21A80A96 /* ShoppingActivityAttributes.swift */; };
		1136EA3713CFD61497225477 /* TodoItem.swift in Sources */ = {isa = PBXBuildFile; fileRef = 79B54EB99B9957838C1031AD /* TodoItem.swift */; };
		12BB14633A0596B41063BFCA /* ShoppingItem.swift in Sources */ = {isa = PBXBuildFile; fileRef = CA2730EA5F83449C914C7C9D /* ShoppingItem.swift */; };
		1468676DA923E488FF970C7D /* QuickAddControl.swift in Sources */ = {isa = PBXBuildFile; fileRef = 770B904B8647BECCFFB04C98 /* QuickAddControl.swift */; };
		161C7C6FBB0938E5EB79A1CB /* FeedbackListView.swift in Sources */ = {isa = PBXBuildFile; fileRef = 1CD67BC5889F54260003AEFA /* FeedbackListView.swift */; };
		191A046F90257F3D549E96DD /* AllItemsView.swift in Sources */ = {isa = PBXBuildFile; fileRef = 7C284A22C7B2DA626A8FD817 /* AllItemsView.swift */; };
		196D318FE932C7D9AFD15E25 /* StoreSetupView.swift in Sources */ = {isa = PBXBuildFile; fileRef = 8B5C49213E1D6DACA024E359 /* StoreSetupView.swift */; };
		1DDEAD8D91304B6EEDBE09D6 /* TodoListView.swift in Sources */ = {isa = PBXBuildFile; fileRef = 744F23A30FF8C6D5A3004B1B /* TodoListView.swift */; };
		1F5C0DA1600938C47FDBC3DC /* Store.swift in Sources */ = {isa = PBXBuildFile; fileRef = 1316E9EFE646ED0F0078332F /* Store.swift */; };
		203DE6245102C5B0BE9D068C /* TemplateService.swift in Sources */ = {isa = PBXBuildFile; fileRef = A6CD744C2468F68006A11973 /* TemplateService.swift */; };
		215CD8EF08D0891F2BEDDE16 /* CheckOffItemIntent.swift in Sources */ = {isa = PBXBuildFile; fileRef = A0EA668475A6DE0784E49FA3 /* CheckOffItemIntent.swift */; };
		220E60F93646C9A34D1C12BA /* Color+Hex.swift in Sources */ = {isa = PBXBuildFile; fileRef = 68D7F4FB432EE17B51EBF4B1 /* Color+Hex.swift */; };
		22B841D0E56102D8F2F0323C /* AppDelegate.swift in Sources */ = {isa = PBXBuildFile; fileRef = 8201E82B5845703F82CFAAED /* AppDelegate.swift */; };
		2861E90DF572FC0C3CFBA1C6 /* ItemRow.swift in Sources */ = {isa = PBXBuildFile; fileRef = 1E8324737F70EA3B4DE90882 /* ItemRow.swift */; };
		28BE578023A4DE1B32259735 /* SyncCoordinator.swift in Sources */ = {isa = PBXBuildFile; fileRef = 4711FDD2B9E28CBB4722024B /* SyncCoordinator.swift */; };
		29F88390E651065B4706C81A /* StoreCard.swift in Sources */ = {isa = PBXBuildFile; fileRef = CFC3EDA58E0C12B818369746 /* StoreCard.swift */; };
		2B5FBA79ED7DCD9F3014F33C /* BarcodeScannerView.swift in Sources */ = {isa = PBXBuildFile; fileRef = 519C06AED82093BEDB756BC6 /* BarcodeScannerView.swift */; };
		2EA0E7F33F49814E888E7C9E /* OnboardingView.swift in Sources */ = {isa = PBXBuildFile; fileRef = CF6EFC0DED7A8C344540C9E4 /* OnboardingView.swift */; };
		30E6C2EC12A083FADF6AFAC1 /* PriceOverviewView.swift in Sources */ = {isa = PBXBuildFile; fileRef = A05C37F18C9CCDD9B805B616 /* PriceOverviewView.swift */; };
		34E78219B894911B8BD58189 /* Assets.xcassets in Resources */ = {isa = PBXBuildFile; fileRef = F2567C6C42C00F59D0860F1F /* Assets.xcassets */; };
		35F5935E8A87960AE4AC2B66 /* PurchaseRecord.swift in Sources */ = {isa = PBXBuildFile; fileRef = B49543DB9877A4EABA86E2BF /* PurchaseRecord.swift */; };
		36FE8E64A9184910CE4AC786 /* AddItemIntent.swift in Sources */ = {isa = PBXBuildFile; fileRef = CEE064FA6DDAEBC63D60DD65 /* AddItemIntent.swift */; };
		3AE623C4465C7562182EA6CE /* Preview Assets.xcassets in Resources */ = {isa = PBXBuildFile; fileRef = 3612B4BB1B3EBE09E11487AB /* Preview Assets.xcassets */; };
		3C994E6EB1F1271FFA2D4462 /* DesignSystem.swift in Sources */ = {isa = PBXBuildFile; fileRef = DF9DBA3F3FAF084DAE33A4F3 /* DesignSystem.swift */; };
		426FFE6DA2C0EFDE1E621225 /* ReceiptParserService.swift in Sources */ = {isa = PBXBuildFile; fileRef = 54E0CCE44BCFCE3EB38E0F87 /* ReceiptParserService.swift */; };
		47C167B4A1828C9F1D437D86 /* Store.swift in Sources */ = {isa = PBXBuildFile; fileRef = 1316E9EFE646ED0F0078332F /* Store.swift */; };
		4875ED5EEB7BE1A728289FBA /* ShoppingItem.swift in Sources */ = {isa = PBXBuildFile; fileRef = CA2730EA5F83449C914C7C9D /* ShoppingItem.swift */; };
		4C16FAE9DA52BB877ACC9BC3 /* ReceiptAliasService.swift in Sources */ = {isa = PBXBuildFile; fileRef = 2D5F213D22060B00AE4751A8 /* ReceiptAliasService.swift */; };
		4F223836DA8ED358DC718C1F /* ReceiptScannerView.swift in Sources */ = {isa = PBXBuildFile; fileRef = E205C058079CBDE7869B96F4 /* ReceiptScannerView.swift */; };
		52AFCA1171068886BF74BF47 /* RecipeRecognitionService.swift in Sources */ = {isa = PBXBuildFile; fileRef = BCD924269EE28D045DBDAE33 /* RecipeRecognitionService.swift */; };
		53580D0BF528C8409B394E47 /* LegalView.swift in Sources */ = {isa = PBXBuildFile; fileRef = E59CED41FC8E666B11CC8C09 /* LegalView.swift */; };
		5BA9390E49F89DCBF753FDA6 /* ShoppingListWidget.swift in Sources */ = {isa = PBXBuildFile; fileRef = 6E7BD9F3BC448DE79398597F /* ShoppingListWidget.swift */; };
		5C7508E97A69CBA21B6DE5C5 /* CheckOffItemIntent.swift in Sources */ = {isa = PBXBuildFile; fileRef = A0EA668475A6DE0784E49FA3 /* CheckOffItemIntent.swift */; };
		66061099219273F5BD83F273 /* AssignmentService.swift in Sources */ = {isa = PBXBuildFile; fileRef = 4084283388CDEF7C7D514BF7 /* AssignmentService.swift */; };
		6A8BB1A057222174ABCEEA9E /* ShoppingActivityAttributes.swift in Sources */ = {isa = PBXBuildFile; fileRef = A859546BD22AB55E21A80A96 /* ShoppingActivityAttributes.swift */; };
		6BA9AE00008A24FF621597EE /* ClashDisplay-Semibold.ttf in Resources */ = {isa = PBXBuildFile; fileRef = 984CA66C3B260EF487FA4218 /* ClashDisplay-Semibold.ttf */; };
		708347169C9B1DF2C1D474FF /* LiveActivityService.swift in Sources */ = {isa = PBXBuildFile; fileRef = 15ED485E807ADF771EE3C623 /* LiveActivityService.swift */; };
		716005436031FFBC9466BE23 /* HabitService.swift in Sources */ = {isa = PBXBuildFile; fileRef = C6B1060B802DB6BB5B27C69F /* HabitService.swift */; };
		724971FF469D398F3392EE4D /* ProductSuggestionChips.swift in Sources */ = {isa = PBXBuildFile; fileRef = 04C3B4437166F2F65BE05DFA /* ProductSuggestionChips.swift */; };
		76231DDEAAE5FCB046639E2C /* TodoItem.swift in Sources */ = {isa = PBXBuildFile; fileRef = 79B54EB99B9957838C1031AD /* TodoItem.swift */; };
		7660A43490BFCE3AC2E4961E /* QuantityStepperField.swift in Sources */ = {isa = PBXBuildFile; fileRef = BC3AE2CD051F27D5809DC417 /* QuantityStepperField.swift */; };
		79405378A9C9AEC3323E5E20 /* BrowseStoresView.swift in Sources */ = {isa = PBXBuildFile; fileRef = 1CC6F3E41F217D74D6B1A8AA /* BrowseStoresView.swift */; };
		7CAD0AEC61B590345B718919 /* SchemaVersions.swift in Sources */ = {isa = PBXBuildFile; fileRef = E27BD0C5EE55D1C2CCC616ED /* SchemaVersions.swift */; };
		7E0F9A1304D50BDA6BC9B811 /* ReceiptResolutionService.swift in Sources */ = {isa = PBXBuildFile; fileRef = 6FC528160F1AD80A0C4650A6 /* ReceiptResolutionService.swift */; };
		83F7A018CC455374AA300D07 /* SmartCartApp.swift in Sources */ = {isa = PBXBuildFile; fileRef = 7F284820C68BD8D5DFB6B618 /* SmartCartApp.swift */; };
		86AF02F353829B169AD82B87 /* ShoppingLiveActivity.swift in Sources */ = {isa = PBXBuildFile; fileRef = 99E93E36DB4037B719B4BD29 /* ShoppingLiveActivity.swift */; };
		89FAA6870A0A33955404AA66 /* QuickAddControlIntent.swift in Sources */ = {isa = PBXBuildFile; fileRef = E46D46BF139B378E43E1466C /* QuickAddControlIntent.swift */; };
		8BCB465169FCD1B90644CE10 /* ContentView.swift in Sources */ = {isa = PBXBuildFile; fileRef = 74CCFFF2043317403EE4722D /* ContentView.swift */; };
		8ED92F0C2CEACA7E0F3380EE /* StoreShareSheet.swift in Sources */ = {isa = PBXBuildFile; fileRef = 55FE00DB3C7B8614AD9DA385 /* StoreShareSheet.swift */; };
		9448B3D41FB82AC72378AFEE /* SmartCartWidgetsBundle.swift in Sources */ = {isa = PBXBuildFile; fileRef = 3CCF8959E358A9E9DEBD5A80 /* SmartCartWidgetsBundle.swift */; };
		9ED09A11A3993BEBD848203C /* DevFeedbackButton.swift in Sources */ = {isa = PBXBuildFile; fileRef = A0B3C94D41DFA9563A9BB455 /* DevFeedbackButton.swift */; };
		A11B5258A40D0A171C128648 /* EditItemView.swift in Sources */ = {isa = PBXBuildFile; fileRef = 9D196483EDA2488062F10DF0 /* EditItemView.swift */; };
		A3F873ABCF2F9A9BECC9ECF8 /* AddItemView.swift in Sources */ = {isa = PBXBuildFile; fileRef = 0A2D05B867EE15815F1F8052 /* AddItemView.swift */; };
		A428AAE77284114D7B158614 /* SharedModelContainer.swift in Sources */ = {isa = PBXBuildFile; fileRef = 28D34BA8493613BB54D6FE07 /* SharedModelContainer.swift */; };
		AD487F52FBE11456574CA9FB /* SettingsView.swift in Sources */ = {isa = PBXBuildFile; fileRef = D9E2BAE2A0C9CCD5623B0983 /* SettingsView.swift */; };
		AE420C42F689A92711663329 /* QuickAddParser.swift in Sources */ = {isa = PBXBuildFile; fileRef = 72C8631D7DD41099763F9A12 /* QuickAddParser.swift */; };
		B4EE666767BE579CC746C856 /* FeedbackItem.swift in Sources */ = {isa = PBXBuildFile; fileRef = B041DCB417023E5CB6417592 /* FeedbackItem.swift */; };
		BDAFED1D13CF64652793C185 /* SharedModelContainer.swift in Sources */ = {isa = PBXBuildFile; fileRef = 28D34BA8493613BB54D6FE07 /* SharedModelContainer.swift */; };
		BE9AF6FCF4A08ECEFF1C5BBC /* FeedbackItem.swift in Sources */ = {isa = PBXBuildFile; fileRef = B041DCB417023E5CB6417592 /* FeedbackItem.swift */; };
		BFCE4CAEF3AF26A468B81FEB /* HomeView.swift in Sources */ = {isa = PBXBuildFile; fileRef = 29BB5C509481E45FA1C60BA6 /* HomeView.swift */; };
		CB7F8102C5139B92F839960C /* MenuPlanView.swift in Sources */ = {isa = PBXBuildFile; fileRef = 4E7C2262523207B763FBC7D0 /* MenuPlanView.swift */; };
		CC54003EAD03F5D228A1AAB4 /* PremiumService.swift in Sources */ = {isa = PBXBuildFile; fileRef = D3B1B31D29D1EA4F2EFD3BDD /* PremiumService.swift */; };
		CCF05C1044554FC71B37CE85 /* RecipeImportView.swift in Sources */ = {isa = PBXBuildFile; fileRef = 5A1CCE5E2CCD992195A314DA /* RecipeImportView.swift */; };
		CD15CBC7F7ECE203FC144441 /* PrivacyInfo.xcprivacy in Resources */ = {isa = PBXBuildFile; fileRef = 3C52A86F4702DAAA38F3DB10 /* PrivacyInfo.xcprivacy */; };
		D10A0619CC398EC1070C0A83 /* Localizable.strings in Resources */ = {isa = PBXBuildFile; fileRef = 71849F80113C0491D3447DBC /* Localizable.strings */; };
		D1DF4ECFAFDF255FFD0C5C55 /* SchemaVersions.swift in Sources */ = {isa = PBXBuildFile; fileRef = E27BD0C5EE55D1C2CCC616ED /* SchemaVersions.swift */; };
		D1F81BBFA8DB2C7EACB7F631 /* CloudPreferencesSync.swift in Sources */ = {isa = PBXBuildFile; fileRef = 236336393E480FD30FC90DC7 /* CloudPreferencesSync.swift */; };
		D37E2BA6393338A828F93BA0 /* PurchaseRecord.swift in Sources */ = {isa = PBXBuildFile; fileRef = B49543DB9877A4EABA86E2BF /* PurchaseRecord.swift */; };
		D728A505E8E8989ABDA4F8F2 /* Color+Hex.swift in Sources */ = {isa = PBXBuildFile; fileRef = 68D7F4FB432EE17B51EBF4B1 /* Color+Hex.swift */; };
		DC682519ADF44DAEC0189666 /* StoreDetailView.swift in Sources */ = {isa = PBXBuildFile; fileRef = 4F45F3D0FD99CF0F66DF6101 /* StoreDetailView.swift */; };
		E5FAA46232584C02C3CC2199 /* SeasonalService.swift in Sources */ = {isa = PBXBuildFile; fileRef = 418D17DD19B7E69AA8260DEB /* SeasonalService.swift */; };
		E8D21EC3494AC71233B98568 /* QuickActionState.swift in Sources */ = {isa = PBXBuildFile; fileRef = 0AC1BA745165F01898D190CD /* QuickActionState.swift */; };
		E96A6287698D332B072D9A1E /* ActualPriceEntryView.swift in Sources */ = {isa = PBXBuildFile; fileRef = AD050279AD19DB593A2AF6B1 /* ActualPriceEntryView.swift */; };
		EFDC00E355EA647D21C911B4 /* ReceiptShareHandoff.swift in Sources */ = {isa = PBXBuildFile; fileRef = BD41AB8DD4E930B591A67F4C /* ReceiptShareHandoff.swift */; };
		F3CAD908E7CDBA459BD4D03D /* PaywallView.swift in Sources */ = {isa = PBXBuildFile; fileRef = 8846DD51E2BCCCBD8A0FFE0E /* PaywallView.swift */; };
		F5B8C18CCAC190938D4DECA0 /* QuickAddControlIntent.swift in Sources */ = {isa = PBXBuildFile; fileRef = E46D46BF139B378E43E1466C /* QuickAddControlIntent.swift */; };
		31546751CB90B05528936FE2 /* RestockShareExtension.appex in Embed Foundation Extensions */ = {isa = PBXBuildFile; fileRef = 3600D48F36B44A06C8902C37 /* RestockShareExtension.appex */; settings = {ATTRIBUTES = (RemoveHeadersOnCopy, ); }; };
		CB7B598D69B866E2A165B196 /* ShareViewController.swift in Sources */ = {isa = PBXBuildFile; fileRef = 0D225389B0F89B5DE96DEAD2 /* ShareViewController.swift */; };
		52C8EBC70575CE1543785171 /* ReceiptParserService.swift in Sources */ = {isa = PBXBuildFile; fileRef = 54E0CCE44BCFCE3EB38E0F87 /* ReceiptParserService.swift */; };
		FE6E95A3D85D504494220D42 /* ReceiptAliasService.swift in Sources */ = {isa = PBXBuildFile; fileRef = 2D5F213D22060B00AE4751A8 /* ReceiptAliasService.swift */; };
		BF41CB2B055AF1806850C81F /* ReceiptResolutionService.swift in Sources */ = {isa = PBXBuildFile; fileRef = 6FC528160F1AD80A0C4650A6 /* ReceiptResolutionService.swift */; };
		C79D40337E438C71F75EAE89 /* ReceiptShareHandoff.swift in Sources */ = {isa = PBXBuildFile; fileRef = BD41AB8DD4E930B591A67F4C /* ReceiptShareHandoff.swift */; };
		12DCF82BA93F86AEAF162959 /* AssignmentService.swift in Sources */ = {isa = PBXBuildFile; fileRef = 4084283388CDEF7C7D514BF7 /* AssignmentService.swift */; };
		ACD11C0BBEDC0BDB5F301210 /* CGImagePropertyOrientation+UIImage.swift in Sources */ = {isa = PBXBuildFile; fileRef = 98F51AA9DCF1ADFC21308D83 /* CGImagePropertyOrientation+UIImage.swift */; };
		7E06970AC7613715F6D3FD83 /* Store.swift in Sources */ = {isa = PBXBuildFile; fileRef = 1316E9EFE646ED0F0078332F /* Store.swift */; };
		B711DBF38176A71AC66E9C5A /* ShoppingItem.swift in Sources */ = {isa = PBXBuildFile; fileRef = CA2730EA5F83449C914C7C9D /* ShoppingItem.swift */; };
		526C089A5B6BCE0A9721DBFA /* PurchaseRecord.swift in Sources */ = {isa = PBXBuildFile; fileRef = B49543DB9877A4EABA86E2BF /* PurchaseRecord.swift */; };
		61A8C33F2B04D602F6FA2F69 /* SchemaVersions.swift in Sources */ = {isa = PBXBuildFile; fileRef = E27BD0C5EE55D1C2CCC616ED /* SchemaVersions.swift */; };
		03D887C33569F0893E493C47 /* SharedModelContainer.swift in Sources */ = {isa = PBXBuildFile; fileRef = 28D34BA8493613BB54D6FE07 /* SharedModelContainer.swift */; };
		52BE25312617DFA94CCDBC9D /* FeedbackItem.swift in Sources */ = {isa = PBXBuildFile; fileRef = B041DCB417023E5CB6417592 /* FeedbackItem.swift */; };
		F6AC9DBCCD3B0340225F0207 /* TodoItem.swift in Sources */ = {isa = PBXBuildFile; fileRef = 79B54EB99B9957838C1031AD /* TodoItem.swift */; };
		65B0C5DC9B4E6AEB0236E6C2 /* Color+Hex.swift in Sources */ = {isa = PBXBuildFile; fileRef = 68D7F4FB432EE17B51EBF4B1 /* Color+Hex.swift */; };
		196D222251481884D5F2584B /* SchemaCloudKitCompatibilityTests.swift in Sources */ = {isa = PBXBuildFile; fileRef = 0C791F6A83D8FA86AE5BB002 /* SchemaCloudKitCompatibilityTests.swift */; };
		D78DB66BFF8EBECE0338D4D6 /* ExistingDataSurvivesCloudEnableTests.swift in Sources */ = {isa = PBXBuildFile; fileRef = E41CD9B259ABB65652D89028 /* ExistingDataSurvivesCloudEnableTests.swift */; };
/* End PBXBuildFile section */

/* Begin PBXContainerItemProxy section */
		762A14DB1B8A469B6D651347 /* PBXContainerItemProxy */ = {
			isa = PBXContainerItemProxy;
			containerPortal = 8D1EBE439F0566ED49E1ED53 /* Project object */;
			proxyType = 1;
			remoteGlobalIDString = 2173228C9C541DE670F8E0CF;
			remoteInfo = SmartCartWidgets;
		};
		73D4762AA3FC60C53F34D42F /* PBXContainerItemProxy */ = {
			isa = PBXContainerItemProxy;
			containerPortal = 8D1EBE439F0566ED49E1ED53 /* Project object */;
			proxyType = 1;
			remoteGlobalIDString = 7D934E8A9223AA0C0AC578C5;
			remoteInfo = RestockShareExtension;
		};
		37AF5861F998B18738ADA770 /* PBXContainerItemProxy */ = {
			isa = PBXContainerItemProxy;
			containerPortal = 8D1EBE439F0566ED49E1ED53 /* Project object */;
			proxyType = 1;
			remoteGlobalIDString = FB3462C32B1AFC0E92A07C37;
			remoteInfo = Restock;
		};
/* End PBXContainerItemProxy section */

/* Begin PBXCopyFilesBuildPhase section */
		4F308D2673EEDE84CA3DE4A7 /* Embed Foundation Extensions */ = {
			isa = PBXCopyFilesBuildPhase;
			buildActionMask = 2147483647;
			dstPath = "";
			dstSubfolderSpec = 13;
			files = (
				0C9590985D77472293C9588A /* SmartCartWidgets.appex in Embed Foundation Extensions */,
				31546751CB90B05528936FE2 /* RestockShareExtension.appex in Embed Foundation Extensions */,
			);
			name = "Embed Foundation Extensions";
			runOnlyForDeploymentPostprocessing = 0;
		};
/* End PBXCopyFilesBuildPhase section */

/* Begin PBXFileReference section */
		04C3B4437166F2F65BE05DFA /* ProductSuggestionChips.swift */ = {isa = PBXFileReference; lastKnownFileType = sourcecode.swift; path = ProductSuggestionChips.swift; sourceTree = "<group>"; };
		0A2D05B867EE15815F1F8052 /* AddItemView.swift */ = {isa = PBXFileReference; lastKnownFileType = sourcecode.swift; path = AddItemView.swift; sourceTree = "<group>"; };
		0AC1BA745165F01898D190CD /* QuickActionState.swift */ = {isa = PBXFileReference; lastKnownFileType = sourcecode.swift; path = QuickActionState.swift; sourceTree = "<group>"; };
		1316E9EFE646ED0F0078332F /* Store.swift */ = {isa = PBXFileReference; lastKnownFileType = sourcecode.swift; path = Store.swift; sourceTree = "<group>"; };
		137F4903637F2E7F3B8FF9D7 /* SmartCartWidgets.entitlements */ = {isa = PBXFileReference; lastKnownFileType = text.plist.entitlements; path = SmartCartWidgets.entitlements; sourceTree = "<group>"; };
		15ED485E807ADF771EE3C623 /* LiveActivityService.swift */ = {isa = PBXFileReference; lastKnownFileType = sourcecode.swift; path = LiveActivityService.swift; sourceTree = "<group>"; };
		1CC6F3E41F217D74D6B1A8AA /* BrowseStoresView.swift */ = {isa = PBXFileReference; lastKnownFileType = sourcecode.swift; path = BrowseStoresView.swift; sourceTree = "<group>"; };
		1CD67BC5889F54260003AEFA /* FeedbackListView.swift */ = {isa = PBXFileReference; lastKnownFileType = sourcecode.swift; path = FeedbackListView.swift; sourceTree = "<group>"; };
		1E8324737F70EA3B4DE90882 /* ItemRow.swift */ = {isa = PBXFileReference; lastKnownFileType = sourcecode.swift; path = ItemRow.swift; sourceTree = "<group>"; };
		236336393E480FD30FC90DC7 /* CloudPreferencesSync.swift */ = {isa = PBXFileReference; lastKnownFileType = sourcecode.swift; path = CloudPreferencesSync.swift; sourceTree = "<group>"; };
		28D34BA8493613BB54D6FE07 /* SharedModelContainer.swift */ = {isa = PBXFileReference; lastKnownFileType = sourcecode.swift; path = SharedModelContainer.swift; sourceTree = "<group>"; };
		29BB5C509481E45FA1C60BA6 /* HomeView.swift */ = {isa = PBXFileReference; lastKnownFileType = sourcecode.swift; path = HomeView.swift; sourceTree = "<group>"; };
		2D5F213D22060B00AE4751A8 /* ReceiptAliasService.swift */ = {isa = PBXFileReference; lastKnownFileType = sourcecode.swift; path = ReceiptAliasService.swift; sourceTree = "<group>"; };
		2DC36AAF6609AD2E3E1ED90C /* SmartCartWidgets.appex */ = {isa = PBXFileReference; includeInIndex = 0; lastKnownFileType = "wrapper.app-extension"; path = SmartCartWidgets.appex; sourceTree = BUILT_PRODUCTS_DIR; };
		3612B4BB1B3EBE09E11487AB /* Preview Assets.xcassets */ = {isa = PBXFileReference; lastKnownFileType = folder.assetcatalog; path = "Preview Assets.xcassets"; sourceTree = "<group>"; };
		3C52A86F4702DAAA38F3DB10 /* PrivacyInfo.xcprivacy */ = {isa = PBXFileReference; path = PrivacyInfo.xcprivacy; sourceTree = "<group>"; };
		3CCF8959E358A9E9DEBD5A80 /* SmartCartWidgetsBundle.swift */ = {isa = PBXFileReference; lastKnownFileType = sourcecode.swift; path = SmartCartWidgetsBundle.swift; sourceTree = "<group>"; };
		4084283388CDEF7C7D514BF7 /* AssignmentService.swift */ = {isa = PBXFileReference; lastKnownFileType = sourcecode.swift; path = AssignmentService.swift; sourceTree = "<group>"; };
		413B97577F2E4B603EC6E01F /* SmartCart.entitlements */ = {isa = PBXFileReference; lastKnownFileType = text.plist.entitlements; path = SmartCart.entitlements; sourceTree = "<group>"; };
		418D17DD19B7E69AA8260DEB /* SeasonalService.swift */ = {isa = PBXFileReference; lastKnownFileType = sourcecode.swift; path = SeasonalService.swift; sourceTree = "<group>"; };
		4711FDD2B9E28CBB4722024B /* SyncCoordinator.swift */ = {isa = PBXFileReference; lastKnownFileType = sourcecode.swift; path = SyncCoordinator.swift; sourceTree = "<group>"; };
		4E7C2262523207B763FBC7D0 /* MenuPlanView.swift */ = {isa = PBXFileReference; lastKnownFileType = sourcecode.swift; path = MenuPlanView.swift; sourceTree = "<group>"; };
		4F45F3D0FD99CF0F66DF6101 /* StoreDetailView.swift */ = {isa = PBXFileReference; lastKnownFileType = sourcecode.swift; path = StoreDetailView.swift; sourceTree = "<group>"; };
		4F56959E2BC2D8D9BFACBE4D /* Restock.app */ = {isa = PBXFileReference; includeInIndex = 0; lastKnownFileType = wrapper.application; path = Restock.app; sourceTree = BUILT_PRODUCTS_DIR; };
		519C06AED82093BEDB756BC6 /* BarcodeScannerView.swift */ = {isa = PBXFileReference; lastKnownFileType = sourcecode.swift; path = BarcodeScannerView.swift; sourceTree = "<group>"; };
		54E0CCE44BCFCE3EB38E0F87 /* ReceiptParserService.swift */ = {isa = PBXFileReference; lastKnownFileType = sourcecode.swift; path = ReceiptParserService.swift; sourceTree = "<group>"; };
		55FE00DB3C7B8614AD9DA385 /* StoreShareSheet.swift */ = {isa = PBXFileReference; lastKnownFileType = sourcecode.swift; path = StoreShareSheet.swift; sourceTree = "<group>"; };
		5A1CCE5E2CCD992195A314DA /* RecipeImportView.swift */ = {isa = PBXFileReference; lastKnownFileType = sourcecode.swift; path = RecipeImportView.swift; sourceTree = "<group>"; };
		607111C83CB9E39ECC518AC2 /* de */ = {isa = PBXFileReference; lastKnownFileType = text.plist.strings; name = de; path = de.lproj/Localizable.strings; sourceTree = "<group>"; };
		68D7F4FB432EE17B51EBF4B1 /* Color+Hex.swift */ = {isa = PBXFileReference; lastKnownFileType = sourcecode.swift; path = "Color+Hex.swift"; sourceTree = "<group>"; };
		6E7BD9F3BC448DE79398597F /* ShoppingListWidget.swift */ = {isa = PBXFileReference; lastKnownFileType = sourcecode.swift; path = ShoppingListWidget.swift; sourceTree = "<group>"; };
		6FC528160F1AD80A0C4650A6 /* ReceiptResolutionService.swift */ = {isa = PBXFileReference; lastKnownFileType = sourcecode.swift; path = ReceiptResolutionService.swift; sourceTree = "<group>"; };
		72C8631D7DD41099763F9A12 /* QuickAddParser.swift */ = {isa = PBXFileReference; lastKnownFileType = sourcecode.swift; path = QuickAddParser.swift; sourceTree = "<group>"; };
		744F23A30FF8C6D5A3004B1B /* TodoListView.swift */ = {isa = PBXFileReference; lastKnownFileType = sourcecode.swift; path = TodoListView.swift; sourceTree = "<group>"; };
		74CCFFF2043317403EE4722D /* ContentView.swift */ = {isa = PBXFileReference; lastKnownFileType = sourcecode.swift; path = ContentView.swift; sourceTree = "<group>"; };
		770B904B8647BECCFFB04C98 /* QuickAddControl.swift */ = {isa = PBXFileReference; lastKnownFileType = sourcecode.swift; path = QuickAddControl.swift; sourceTree = "<group>"; };
		79B54EB99B9957838C1031AD /* TodoItem.swift */ = {isa = PBXFileReference; lastKnownFileType = sourcecode.swift; path = TodoItem.swift; sourceTree = "<group>"; };
		7C284A22C7B2DA626A8FD817 /* AllItemsView.swift */ = {isa = PBXFileReference; lastKnownFileType = sourcecode.swift; path = AllItemsView.swift; sourceTree = "<group>"; };
		7F284820C68BD8D5DFB6B618 /* SmartCartApp.swift */ = {isa = PBXFileReference; lastKnownFileType = sourcecode.swift; path = SmartCartApp.swift; sourceTree = "<group>"; };
		818EC8436AA31FBCC7D67776 /* en */ = {isa = PBXFileReference; lastKnownFileType = text.plist.strings; name = en; path = en.lproj/Localizable.strings; sourceTree = "<group>"; };
		8201E82B5845703F82CFAAED /* AppDelegate.swift */ = {isa = PBXFileReference; lastKnownFileType = sourcecode.swift; path = AppDelegate.swift; sourceTree = "<group>"; };
		85CD0A3509C2B5BC3891F016 /* Generated-Info.plist */ = {isa = PBXFileReference; lastKnownFileType = text.plist; path = "Generated-Info.plist"; sourceTree = "<group>"; };
		85D363F6318E4B4C5F6CE843 /* Info.plist */ = {isa = PBXFileReference; lastKnownFileType = text.plist; path = Info.plist; sourceTree = "<group>"; };
		8846DD51E2BCCCBD8A0FFE0E /* PaywallView.swift */ = {isa = PBXFileReference; lastKnownFileType = sourcecode.swift; path = PaywallView.swift; sourceTree = "<group>"; };
		8B5C49213E1D6DACA024E359 /* StoreSetupView.swift */ = {isa = PBXFileReference; lastKnownFileType = sourcecode.swift; path = StoreSetupView.swift; sourceTree = "<group>"; };
		984CA66C3B260EF487FA4218 /* ClashDisplay-Semibold.ttf */ = {isa = PBXFileReference; lastKnownFileType = file; path = "ClashDisplay-Semibold.ttf"; sourceTree = "<group>"; };
		98F51AA9DCF1ADFC21308D83 /* CGImagePropertyOrientation+UIImage.swift */ = {isa = PBXFileReference; lastKnownFileType = sourcecode.swift; path = "CGImagePropertyOrientation+UIImage.swift"; sourceTree = "<group>"; };
		99E93E36DB4037B719B4BD29 /* ShoppingLiveActivity.swift */ = {isa = PBXFileReference; lastKnownFileType = sourcecode.swift; path = ShoppingLiveActivity.swift; sourceTree = "<group>"; };
		9B2A1EB22AD0811654C001D2 /* NotificationService.swift */ = {isa = PBXFileReference; lastKnownFileType = sourcecode.swift; path = NotificationService.swift; sourceTree = "<group>"; };
		9D196483EDA2488062F10DF0 /* EditItemView.swift */ = {isa = PBXFileReference; lastKnownFileType = sourcecode.swift; path = EditItemView.swift; sourceTree = "<group>"; };
		A05C37F18C9CCDD9B805B616 /* PriceOverviewView.swift */ = {isa = PBXFileReference; lastKnownFileType = sourcecode.swift; path = PriceOverviewView.swift; sourceTree = "<group>"; };
		A0B3C94D41DFA9563A9BB455 /* DevFeedbackButton.swift */ = {isa = PBXFileReference; lastKnownFileType = sourcecode.swift; path = DevFeedbackButton.swift; sourceTree = "<group>"; };
		A0EA668475A6DE0784E49FA3 /* CheckOffItemIntent.swift */ = {isa = PBXFileReference; lastKnownFileType = sourcecode.swift; path = CheckOffItemIntent.swift; sourceTree = "<group>"; };
		A1766165B3F2604B32CDF325 /* SharedStoreService.swift */ = {isa = PBXFileReference; lastKnownFileType = sourcecode.swift; path = SharedStoreService.swift; sourceTree = "<group>"; };
		A6CD744C2468F68006A11973 /* TemplateService.swift */ = {isa = PBXFileReference; lastKnownFileType = sourcecode.swift; path = TemplateService.swift; sourceTree = "<group>"; };
		A859546BD22AB55E21A80A96 /* ShoppingActivityAttributes.swift */ = {isa = PBXFileReference; lastKnownFileType = sourcecode.swift; path = ShoppingActivityAttributes.swift; sourceTree = "<group>"; };
		AD050279AD19DB593A2AF6B1 /* ActualPriceEntryView.swift */ = {isa = PBXFileReference; lastKnownFileType = sourcecode.swift; path = ActualPriceEntryView.swift; sourceTree = "<group>"; };
		B041DCB417023E5CB6417592 /* FeedbackItem.swift */ = {isa = PBXFileReference; lastKnownFileType = sourcecode.swift; path = FeedbackItem.swift; sourceTree = "<group>"; };
		B49543DB9877A4EABA86E2BF /* PurchaseRecord.swift */ = {isa = PBXFileReference; lastKnownFileType = sourcecode.swift; path = PurchaseRecord.swift; sourceTree = "<group>"; };
		B61D35E4D1402C78C693A39B /* FeedbackView.swift */ = {isa = PBXFileReference; lastKnownFileType = sourcecode.swift; path = FeedbackView.swift; sourceTree = "<group>"; };
		BC3AE2CD051F27D5809DC417 /* QuantityStepperField.swift */ = {isa = PBXFileReference; lastKnownFileType = sourcecode.swift; path = QuantityStepperField.swift; sourceTree = "<group>"; };
		BCD924269EE28D045DBDAE33 /* RecipeRecognitionService.swift */ = {isa = PBXFileReference; lastKnownFileType = sourcecode.swift; path = RecipeRecognitionService.swift; sourceTree = "<group>"; };
		BD41AB8DD4E930B591A67F4C /* ReceiptShareHandoff.swift */ = {isa = PBXFileReference; lastKnownFileType = sourcecode.swift; path = ReceiptShareHandoff.swift; sourceTree = "<group>"; };
		C6B1060B802DB6BB5B27C69F /* HabitService.swift */ = {isa = PBXFileReference; lastKnownFileType = sourcecode.swift; path = HabitService.swift; sourceTree = "<group>"; };
		CA2730EA5F83449C914C7C9D /* ShoppingItem.swift */ = {isa = PBXFileReference; lastKnownFileType = sourcecode.swift; path = ShoppingItem.swift; sourceTree = "<group>"; };
		CEE064FA6DDAEBC63D60DD65 /* AddItemIntent.swift */ = {isa = PBXFileReference; lastKnownFileType = sourcecode.swift; path = AddItemIntent.swift; sourceTree = "<group>"; };
		CF6EFC0DED7A8C344540C9E4 /* OnboardingView.swift */ = {isa = PBXFileReference; lastKnownFileType = sourcecode.swift; path = OnboardingView.swift; sourceTree = "<group>"; };
		CFC3EDA58E0C12B818369746 /* StoreCard.swift */ = {isa = PBXFileReference; lastKnownFileType = sourcecode.swift; path = StoreCard.swift; sourceTree = "<group>"; };
		D3B1B31D29D1EA4F2EFD3BDD /* PremiumService.swift */ = {isa = PBXFileReference; lastKnownFileType = sourcecode.swift; path = PremiumService.swift; sourceTree = "<group>"; };
		D9E2BAE2A0C9CCD5623B0983 /* SettingsView.swift */ = {isa = PBXFileReference; lastKnownFileType = sourcecode.swift; path = SettingsView.swift; sourceTree = "<group>"; };
		DF9DBA3F3FAF084DAE33A4F3 /* DesignSystem.swift */ = {isa = PBXFileReference; lastKnownFileType = sourcecode.swift; path = DesignSystem.swift; sourceTree = "<group>"; };
		E205C058079CBDE7869B96F4 /* ReceiptScannerView.swift */ = {isa = PBXFileReference; lastKnownFileType = sourcecode.swift; path = ReceiptScannerView.swift; sourceTree = "<group>"; };
		E27BD0C5EE55D1C2CCC616ED /* SchemaVersions.swift */ = {isa = PBXFileReference; lastKnownFileType = sourcecode.swift; path = SchemaVersions.swift; sourceTree = "<group>"; };
		E46D46BF139B378E43E1466C /* QuickAddControlIntent.swift */ = {isa = PBXFileReference; lastKnownFileType = sourcecode.swift; path = QuickAddControlIntent.swift; sourceTree = "<group>"; };
		E59CED41FC8E666B11CC8C09 /* LegalView.swift */ = {isa = PBXFileReference; lastKnownFileType = sourcecode.swift; path = LegalView.swift; sourceTree = "<group>"; };
		F2567C6C42C00F59D0860F1F /* Assets.xcassets */ = {isa = PBXFileReference; lastKnownFileType = folder.assetcatalog; path = Assets.xcassets; sourceTree = "<group>"; };
		10D468C02AE4FED05FA03700 /* Info.plist */ = {isa = PBXFileReference; lastKnownFileType = text.plist; path = Info.plist; sourceTree = "<group>"; };
		5D50B46194D499838CA3B954 /* RestockShareExtension.entitlements */ = {isa = PBXFileReference; lastKnownFileType = text.plist.entitlements; path = RestockShareExtension.entitlements; sourceTree = "<group>"; };
		0D225389B0F89B5DE96DEAD2 /* ShareViewController.swift */ = {isa = PBXFileReference; lastKnownFileType = sourcecode.swift; path = ShareViewController.swift; sourceTree = "<group>"; };
		3600D48F36B44A06C8902C37 /* RestockShareExtension.appex */ = {isa = PBXFileReference; includeInIndex = 0; lastKnownFileType = "wrapper.app-extension"; path = RestockShareExtension.appex; sourceTree = BUILT_PRODUCTS_DIR; };
		0C791F6A83D8FA86AE5BB002 /* SchemaCloudKitCompatibilityTests.swift */ = {isa = PBXFileReference; lastKnownFileType = sourcecode.swift; path = SchemaCloudKitCompatibilityTests.swift; sourceTree = "<group>"; };
		E41CD9B259ABB65652D89028 /* ExistingDataSurvivesCloudEnableTests.swift */ = {isa = PBXFileReference; lastKnownFileType = sourcecode.swift; path = ExistingDataSurvivesCloudEnableTests.swift; sourceTree = "<group>"; };
		634FBBE2D9633DD7732C8BAF /* RestockTests.xctest */ = {isa = PBXFileReference; includeInIndex = 0; lastKnownFileType = wrapper.cfbundle; path = RestockTests.xctest; sourceTree = BUILT_PRODUCTS_DIR; };
/* End PBXFileReference section */

/* Begin PBXGroup section */
		1A6595DCDBBB484F6FBDC70E /* Extensions */ = {
			isa = PBXGroup;
			children = (
				98F51AA9DCF1ADFC21308D83 /* CGImagePropertyOrientation+UIImage.swift */,
				68D7F4FB432EE17B51EBF4B1 /* Color+Hex.swift */,
				DF9DBA3F3FAF084DAE33A4F3 /* DesignSystem.swift */,
			);
			path = Extensions;
			sourceTree = "<group>";
		};
		20F3F260054EC600B76A3D42 /* Prices */ = {
			isa = PBXGroup;
			children = (
				AD050279AD19DB593A2AF6B1 /* ActualPriceEntryView.swift */,
				A05C37F18C9CCDD9B805B616 /* PriceOverviewView.swift */,
				E205C058079CBDE7869B96F4 /* ReceiptScannerView.swift */,
			);
			path = Prices;
			sourceTree = "<group>";
		};
		25BA43732237D646A98B8F60 /* Components */ = {
			isa = PBXGroup;
			children = (
				519C06AED82093BEDB756BC6 /* BarcodeScannerView.swift */,
				A0B3C94D41DFA9563A9BB455 /* DevFeedbackButton.swift */,
				1E8324737F70EA3B4DE90882 /* ItemRow.swift */,
				04C3B4437166F2F65BE05DFA /* ProductSuggestionChips.swift */,
				BC3AE2CD051F27D5809DC417 /* QuantityStepperField.swift */,
				CFC3EDA58E0C12B818369746 /* StoreCard.swift */,
			);
			path = Components;
			sourceTree = "<group>";
		};
		3E62E12F3B5AE4C2FAF8646A /* Products */ = {
			isa = PBXGroup;
			children = (
				4F56959E2BC2D8D9BFACBE4D /* Restock.app */,
				2DC36AAF6609AD2E3E1ED90C /* SmartCartWidgets.appex */,
				3600D48F36B44A06C8902C37 /* RestockShareExtension.appex */,
				634FBBE2D9633DD7732C8BAF /* RestockTests.xctest */,
			);
			name = Products;
			sourceTree = "<group>";
		};
		3FC18A39EA061449B5AB9850 /* Intents */ = {
			isa = PBXGroup;
			children = (
				CEE064FA6DDAEBC63D60DD65 /* AddItemIntent.swift */,
				A0EA668475A6DE0784E49FA3 /* CheckOffItemIntent.swift */,
				E46D46BF139B378E43E1466C /* QuickAddControlIntent.swift */,
			);
			path = Intents;
			sourceTree = "<group>";
		};
		41193C84BC703BED280A4991 /* SmartCart */ = {
			isa = PBXGroup;
			children = (
				8201E82B5845703F82CFAAED /* AppDelegate.swift */,
				F2567C6C42C00F59D0860F1F /* Assets.xcassets */,
				74CCFFF2043317403EE4722D /* ContentView.swift */,
				85CD0A3509C2B5BC3891F016 /* Generated-Info.plist */,
				3C52A86F4702DAAA38F3DB10 /* PrivacyInfo.xcprivacy */,
				0AC1BA745165F01898D190CD /* QuickActionState.swift */,
				413B97577F2E4B603EC6E01F /* SmartCart.entitlements */,
				7F284820C68BD8D5DFB6B618 /* SmartCartApp.swift */,
				1A6595DCDBBB484F6FBDC70E /* Extensions */,
				3FC18A39EA061449B5AB9850 /* Intents */,
				5A8F46B5EC4BAD46F437F8A2 /* Models */,
				510DFF53A5B24CD72C331DBA /* Preview Content */,
				42F6568EDE2FC06DF9401B7B /* Resources */,
				E7FA462776DC255A2B1EEFD6 /* Services */,
				D9DD9A46E13E9FC13A092512 /* Views */,
			);
			path = SmartCart;
			sourceTree = "<group>";
		};
		42F6568EDE2FC06DF9401B7B /* Resources */ = {
			isa = PBXGroup;
			children = (
				C7BD628F084722440A5EE964 /* Fonts */,
				71849F80113C0491D3447DBC /* Localizable.strings */,
			);
			path = Resources;
			sourceTree = "<group>";
		};
		48D871DD100B64A8407C2344 /* Recipe */ = {
			isa = PBXGroup;
			children = (
				5A1CCE5E2CCD992195A314DA /* RecipeImportView.swift */,
			);
			path = Recipe;
			sourceTree = "<group>";
		};
		510DFF53A5B24CD72C331DBA /* Preview Content */ = {
			isa = PBXGroup;
			children = (
				3612B4BB1B3EBE09E11487AB /* Preview Assets.xcassets */,
			);
			path = "Preview Content";
			sourceTree = "<group>";
		};
		52EDC2CA3059B6409C142A52 = {
			isa = PBXGroup;
			children = (
				41193C84BC703BED280A4991 /* SmartCart */,
				B831F953906C1265643B2445 /* SmartCartWidgets */,
				E2E57E1D3AE8240BCE96F034 /* RestockShareExtension */,
				64E513CDAB2FC8643D24CD6C /* RestockTests */,
				3E62E12F3B5AE4C2FAF8646A /* Products */,
			);
			sourceTree = "<group>";
		};
		5A8F46B5EC4BAD46F437F8A2 /* Models */ = {
			isa = PBXGroup;
			children = (
				B041DCB417023E5CB6417592 /* FeedbackItem.swift */,
				B49543DB9877A4EABA86E2BF /* PurchaseRecord.swift */,
				28D34BA8493613BB54D6FE07 /* SharedModelContainer.swift */,
				A859546BD22AB55E21A80A96 /* ShoppingActivityAttributes.swift */,
				CA2730EA5F83449C914C7C9D /* ShoppingItem.swift */,
				1316E9EFE646ED0F0078332F /* Store.swift */,
				79B54EB99B9957838C1031AD /* TodoItem.swift */,
			);
			path = Models;
			sourceTree = "<group>";
		};
		7FF7CD70B9A0406D0F5804FE /* Home */ = {
			isa = PBXGroup;
			children = (
				7C284A22C7B2DA626A8FD817 /* AllItemsView.swift */,
				29BB5C509481E45FA1C60BA6 /* HomeView.swift */,
				4E7C2262523207B763FBC7D0 /* MenuPlanView.swift */,
			);
			path = Home;
			sourceTree = "<group>";
		};
		8D9A9E6E74B59C042F7D8183 /* Store */ = {
			isa = PBXGroup;
			children = (
				0A2D05B867EE15815F1F8052 /* AddItemView.swift */,
				9D196483EDA2488062F10DF0 /* EditItemView.swift */,
				4F45F3D0FD99CF0F66DF6101 /* StoreDetailView.swift */,
				55FE00DB3C7B8614AD9DA385 /* StoreShareSheet.swift */,
			);
			path = Store;
			sourceTree = "<group>";
		};
		90053920C1B50E2261A2B91D /* Premium */ = {
			isa = PBXGroup;
			children = (
				8846DD51E2BCCCBD8A0FFE0E /* PaywallView.swift */,
			);
			path = Premium;
			sourceTree = "<group>";
		};
		9ECDA6B1AC926378784BA993 /* Feedback */ = {
			isa = PBXGroup;
			children = (
				1CD67BC5889F54260003AEFA /* FeedbackListView.swift */,
				B61D35E4D1402C78C693A39B /* FeedbackView.swift */,
			);
			path = Feedback;
			sourceTree = "<group>";
		};
		B831F953906C1265643B2445 /* SmartCartWidgets */ = {
			isa = PBXGroup;
			children = (
				85D363F6318E4B4C5F6CE843 /* Info.plist */,
				770B904B8647BECCFFB04C98 /* QuickAddControl.swift */,
				6E7BD9F3BC448DE79398597F /* ShoppingListWidget.swift */,
				99E93E36DB4037B719B4BD29 /* ShoppingLiveActivity.swift */,
				137F4903637F2E7F3B8FF9D7 /* SmartCartWidgets.entitlements */,
				3CCF8959E358A9E9DEBD5A80 /* SmartCartWidgetsBundle.swift */,
			);
			path = SmartCartWidgets;
			sourceTree = "<group>";
		};
		C63121A077FDAD07AEAD2877 /* Settings */ = {
			isa = PBXGroup;
			children = (
				1CC6F3E41F217D74D6B1A8AA /* BrowseStoresView.swift */,
				E59CED41FC8E666B11CC8C09 /* LegalView.swift */,
				CF6EFC0DED7A8C344540C9E4 /* OnboardingView.swift */,
				D9E2BAE2A0C9CCD5623B0983 /* SettingsView.swift */,
				8B5C49213E1D6DACA024E359 /* StoreSetupView.swift */,
				744F23A30FF8C6D5A3004B1B /* TodoListView.swift */,
			);
			path = Settings;
			sourceTree = "<group>";
		};
		C7BD628F084722440A5EE964 /* Fonts */ = {
			isa = PBXGroup;
			children = (
				984CA66C3B260EF487FA4218 /* ClashDisplay-Semibold.ttf */,
			);
			path = Fonts;
			sourceTree = "<group>";
		};
		D9DD9A46E13E9FC13A092512 /* Views */ = {
			isa = PBXGroup;
			children = (
				25BA43732237D646A98B8F60 /* Components */,
				9ECDA6B1AC926378784BA993 /* Feedback */,
				7FF7CD70B9A0406D0F5804FE /* Home */,
				90053920C1B50E2261A2B91D /* Premium */,
				20F3F260054EC600B76A3D42 /* Prices */,
				48D871DD100B64A8407C2344 /* Recipe */,
				C63121A077FDAD07AEAD2877 /* Settings */,
				8D9A9E6E74B59C042F7D8183 /* Store */,
			);
			path = Views;
			sourceTree = "<group>";
		};
		E7FA462776DC255A2B1EEFD6 /* Services */ = {
			isa = PBXGroup;
			children = (
				4084283388CDEF7C7D514BF7 /* AssignmentService.swift */,
				236336393E480FD30FC90DC7 /* CloudPreferencesSync.swift */,
				C6B1060B802DB6BB5B27C69F /* HabitService.swift */,
				15ED485E807ADF771EE3C623 /* LiveActivityService.swift */,
				9B2A1EB22AD0811654C001D2 /* NotificationService.swift */,
				D3B1B31D29D1EA4F2EFD3BDD /* PremiumService.swift */,
				72C8631D7DD41099763F9A12 /* QuickAddParser.swift */,
				2D5F213D22060B00AE4751A8 /* ReceiptAliasService.swift */,
				54E0CCE44BCFCE3EB38E0F87 /* ReceiptParserService.swift */,
				6FC528160F1AD80A0C4650A6 /* ReceiptResolutionService.swift */,
				BD41AB8DD4E930B591A67F4C /* ReceiptShareHandoff.swift */,
				BCD924269EE28D045DBDAE33 /* RecipeRecognitionService.swift */,
				E27BD0C5EE55D1C2CCC616ED /* SchemaVersions.swift */,
				418D17DD19B7E69AA8260DEB /* SeasonalService.swift */,
				A1766165B3F2604B32CDF325 /* SharedStoreService.swift */,
				4711FDD2B9E28CBB4722024B /* SyncCoordinator.swift */,
				A6CD744C2468F68006A11973 /* TemplateService.swift */,
			);
			path = Services;
			sourceTree = "<group>";
		};
		E2E57E1D3AE8240BCE96F034 /* RestockShareExtension */ = {
			isa = PBXGroup;
			children = (
				10D468C02AE4FED05FA03700 /* Info.plist */,
				5D50B46194D499838CA3B954 /* RestockShareExtension.entitlements */,
				0D225389B0F89B5DE96DEAD2 /* ShareViewController.swift */,
			);
			path = RestockShareExtension;
			sourceTree = "<group>";
		};
		64E513CDAB2FC8643D24CD6C /* RestockTests */ = {
			isa = PBXGroup;
			children = (
				E41CD9B259ABB65652D89028 /* ExistingDataSurvivesCloudEnableTests.swift */,
				0C791F6A83D8FA86AE5BB002 /* SchemaCloudKitCompatibilityTests.swift */,
			);
			path = RestockTests;
			sourceTree = "<group>";
		};
/* End PBXGroup section */

/* Begin PBXNativeTarget section */
		2173228C9C541DE670F8E0CF /* SmartCartWidgets */ = {
			isa = PBXNativeTarget;
			buildConfigurationList = 59232EA11543B4AFBFBC0DAF /* Build configuration list for PBXNativeTarget "SmartCartWidgets" */;
			buildPhases = (
				B10ADA3F192B0FB6FFE6C442 /* Sources */,
			);
			buildRules = (
			);
			dependencies = (
			);
			name = SmartCartWidgets;
			packageProductDependencies = (
			);
			productName = SmartCartWidgets;
			productReference = 2DC36AAF6609AD2E3E1ED90C /* SmartCartWidgets.appex */;
			productType = "com.apple.product-type.app-extension";
		};
		FB3462C32B1AFC0E92A07C37 /* Restock */ = {
			isa = PBXNativeTarget;
			buildConfigurationList = 73F72864F4B2BD03096919D4 /* Build configuration list for PBXNativeTarget "Restock" */;
			buildPhases = (
				B823CC6E8CEBB7100B095B16 /* Sources */,
				DAC4BCE5408578002E69D3CD /* Resources */,
				4F308D2673EEDE84CA3DE4A7 /* Embed Foundation Extensions */,
			);
			buildRules = (
			);
			dependencies = (
				273792F0B2EDCC98681602A0 /* PBXTargetDependency */,
				035A90E69BC0DF07058A6DCB /* PBXTargetDependency */,
			);
			name = Restock;
			packageProductDependencies = (
			);
			productName = Restock;
			productReference = 4F56959E2BC2D8D9BFACBE4D /* Restock.app */;
			productType = "com.apple.product-type.application";
		};
		7D934E8A9223AA0C0AC578C5 /* RestockShareExtension */ = {
			isa = PBXNativeTarget;
			buildConfigurationList = 73A434A243CA503DE5CB09E8 /* Build configuration list for PBXNativeTarget "RestockShareExtension" */;
			buildPhases = (
				67BDC10E19FEF56A93370E2E /* Sources */,
			);
			buildRules = (
			);
			dependencies = (
			);
			name = RestockShareExtension;
			packageProductDependencies = (
			);
			productName = RestockShareExtension;
			productReference = 3600D48F36B44A06C8902C37 /* RestockShareExtension.appex */;
			productType = "com.apple.product-type.app-extension";
		};
		DC2F3F5F5BD4F073EFDE0A16 /* RestockTests */ = {
			isa = PBXNativeTarget;
			buildConfigurationList = 07D4A2CA0201AAC8A7CE314F /* Build configuration list for PBXNativeTarget "RestockTests" */;
			buildPhases = (
				E4CC99CAE0D7BA03FF816A58 /* Sources */,
			);
			buildRules = (
			);
			dependencies = (
				FECEE7FCB8468342FC62D72F /* PBXTargetDependency */,
			);
			name = RestockTests;
			packageProductDependencies = (
			);
			productName = RestockTests;
			productReference = 634FBBE2D9633DD7732C8BAF /* RestockTests.xctest */;
			productType = "com.apple.product-type.bundle.unit-test";
		};
/* End PBXNativeTarget section */

/* Begin PBXProject section */
		8D1EBE439F0566ED49E1ED53 /* Project object */ = {
			isa = PBXProject;
			attributes = {
				BuildIndependentTargetsInParallel = YES;
				LastUpgradeCheck = 1430;
				TargetAttributes = {
					2173228C9C541DE670F8E0CF = {
						DevelopmentTeam = XK87E2B3VR;
						ProvisioningStyle = Automatic;
					};
					7D934E8A9223AA0C0AC578C5 = {
						DevelopmentTeam = XK87E2B3VR;
						ProvisioningStyle = Automatic;
					};
					FB3462C32B1AFC0E92A07C37 = {
						DevelopmentTeam = XK87E2B3VR;
						ProvisioningStyle = Automatic;
					};
					DC2F3F5F5BD4F073EFDE0A16 = {
						DevelopmentTeam = XK87E2B3VR;
						ProvisioningStyle = Automatic;
						TestTargetID = FB3462C32B1AFC0E92A07C37;
					};
				};
			};
			buildConfigurationList = C9D725C7FF19989A296B1DC8 /* Build configuration list for PBXProject "Restock" */;
			developmentRegion = en;
			hasScannedForEncodings = 0;
			knownRegions = (
				Base,
				de,
				en,
			);
			mainGroup = 52EDC2CA3059B6409C142A52;
			minimizedProjectReferenceProxies = 1;
			preferredProjectObjectVersion = 77;
			productRefGroup = 3E62E12F3B5AE4C2FAF8646A /* Products */;
			projectDirPath = "";
			projectRoot = "";
			targets = (
				FB3462C32B1AFC0E92A07C37 /* Restock */,
				2173228C9C541DE670F8E0CF /* SmartCartWidgets */,
				7D934E8A9223AA0C0AC578C5 /* RestockShareExtension */,
				DC2F3F5F5BD4F073EFDE0A16 /* RestockTests */,
			);
		};
/* End PBXProject section */

/* Begin PBXResourcesBuildPhase section */
		DAC4BCE5408578002E69D3CD /* Resources */ = {
			isa = PBXResourcesBuildPhase;
			buildActionMask = 2147483647;
			files = (
				34E78219B894911B8BD58189 /* Assets.xcassets in Resources */,
				6BA9AE00008A24FF621597EE /* ClashDisplay-Semibold.ttf in Resources */,
				D10A0619CC398EC1070C0A83 /* Localizable.strings in Resources */,
				3AE623C4465C7562182EA6CE /* Preview Assets.xcassets in Resources */,
				CD15CBC7F7ECE203FC144441 /* PrivacyInfo.xcprivacy in Resources */,
			);
			runOnlyForDeploymentPostprocessing = 0;
		};
/* End PBXResourcesBuildPhase section */

/* Begin PBXSourcesBuildPhase section */
		B10ADA3F192B0FB6FFE6C442 /* Sources */ = {
			isa = PBXSourcesBuildPhase;
			buildActionMask = 2147483647;
			files = (
				215CD8EF08D0891F2BEDDE16 /* CheckOffItemIntent.swift in Sources */,
				D728A505E8E8989ABDA4F8F2 /* Color+Hex.swift in Sources */,
				B4EE666767BE579CC746C856 /* FeedbackItem.swift in Sources */,
				D37E2BA6393338A828F93BA0 /* PurchaseRecord.swift in Sources */,
				1468676DA923E488FF970C7D /* QuickAddControl.swift in Sources */,
				F5B8C18CCAC190938D4DECA0 /* QuickAddControlIntent.swift in Sources */,
				7CAD0AEC61B590345B718919 /* SchemaVersions.swift in Sources */,
				BDAFED1D13CF64652793C185 /* SharedModelContainer.swift in Sources */,
				0E572B57E04F1F59292F514F /* ShoppingActivityAttributes.swift in Sources */,
				12BB14633A0596B41063BFCA /* ShoppingItem.swift in Sources */,
				5BA9390E49F89DCBF753FDA6 /* ShoppingListWidget.swift in Sources */,
				86AF02F353829B169AD82B87 /* ShoppingLiveActivity.swift in Sources */,
				9448B3D41FB82AC72378AFEE /* SmartCartWidgetsBundle.swift in Sources */,
				1F5C0DA1600938C47FDBC3DC /* Store.swift in Sources */,
				76231DDEAAE5FCB046639E2C /* TodoItem.swift in Sources */,
			);
			runOnlyForDeploymentPostprocessing = 0;
		};
		B823CC6E8CEBB7100B095B16 /* Sources */ = {
			isa = PBXSourcesBuildPhase;
			buildActionMask = 2147483647;
			files = (
				E96A6287698D332B072D9A1E /* ActualPriceEntryView.swift in Sources */,
				36FE8E64A9184910CE4AC786 /* AddItemIntent.swift in Sources */,
				A3F873ABCF2F9A9BECC9ECF8 /* AddItemView.swift in Sources */,
				191A046F90257F3D549E96DD /* AllItemsView.swift in Sources */,
				22B841D0E56102D8F2F0323C /* AppDelegate.swift in Sources */,
				66061099219273F5BD83F273 /* AssignmentService.swift in Sources */,
				2B5FBA79ED7DCD9F3014F33C /* BarcodeScannerView.swift in Sources */,
				79405378A9C9AEC3323E5E20 /* BrowseStoresView.swift in Sources */,
				0A78A28FBF5674A858A985C2 /* CGImagePropertyOrientation+UIImage.swift in Sources */,
				5C7508E97A69CBA21B6DE5C5 /* CheckOffItemIntent.swift in Sources */,
				D1F81BBFA8DB2C7EACB7F631 /* CloudPreferencesSync.swift in Sources */,
				220E60F93646C9A34D1C12BA /* Color+Hex.swift in Sources */,
				8BCB465169FCD1B90644CE10 /* ContentView.swift in Sources */,
				3C994E6EB1F1271FFA2D4462 /* DesignSystem.swift in Sources */,
				9ED09A11A3993BEBD848203C /* DevFeedbackButton.swift in Sources */,
				A11B5258A40D0A171C128648 /* EditItemView.swift in Sources */,
				BE9AF6FCF4A08ECEFF1C5BBC /* FeedbackItem.swift in Sources */,
				161C7C6FBB0938E5EB79A1CB /* FeedbackListView.swift in Sources */,
				0D82EF580C3A6433AD4D11E7 /* FeedbackView.swift in Sources */,
				716005436031FFBC9466BE23 /* HabitService.swift in Sources */,
				BFCE4CAEF3AF26A468B81FEB /* HomeView.swift in Sources */,
				2861E90DF572FC0C3CFBA1C6 /* ItemRow.swift in Sources */,
				53580D0BF528C8409B394E47 /* LegalView.swift in Sources */,
				708347169C9B1DF2C1D474FF /* LiveActivityService.swift in Sources */,
				CB7F8102C5139B92F839960C /* MenuPlanView.swift in Sources */,
				059ED66B634ECEBA14ADDC6B /* NotificationService.swift in Sources */,
				2EA0E7F33F49814E888E7C9E /* OnboardingView.swift in Sources */,
				F3CAD908E7CDBA459BD4D03D /* PaywallView.swift in Sources */,
				CC54003EAD03F5D228A1AAB4 /* PremiumService.swift in Sources */,
				30E6C2EC12A083FADF6AFAC1 /* PriceOverviewView.swift in Sources */,
				724971FF469D398F3392EE4D /* ProductSuggestionChips.swift in Sources */,
				35F5935E8A87960AE4AC2B66 /* PurchaseRecord.swift in Sources */,
				7660A43490BFCE3AC2E4961E /* QuantityStepperField.swift in Sources */,
				E8D21EC3494AC71233B98568 /* QuickActionState.swift in Sources */,
				89FAA6870A0A33955404AA66 /* QuickAddControlIntent.swift in Sources */,
				AE420C42F689A92711663329 /* QuickAddParser.swift in Sources */,
				4C16FAE9DA52BB877ACC9BC3 /* ReceiptAliasService.swift in Sources */,
				426FFE6DA2C0EFDE1E621225 /* ReceiptParserService.swift in Sources */,
				7E0F9A1304D50BDA6BC9B811 /* ReceiptResolutionService.swift in Sources */,
				4F223836DA8ED358DC718C1F /* ReceiptScannerView.swift in Sources */,
				EFDC00E355EA647D21C911B4 /* ReceiptShareHandoff.swift in Sources */,
				CCF05C1044554FC71B37CE85 /* RecipeImportView.swift in Sources */,
				52AFCA1171068886BF74BF47 /* RecipeRecognitionService.swift in Sources */,
				D1DF4ECFAFDF255FFD0C5C55 /* SchemaVersions.swift in Sources */,
				E5FAA46232584C02C3CC2199 /* SeasonalService.swift in Sources */,
				AD487F52FBE11456574CA9FB /* SettingsView.swift in Sources */,
				A428AAE77284114D7B158614 /* SharedModelContainer.swift in Sources */,
				0503BAEECD10EAC68D657F43 /* SharedStoreService.swift in Sources */,
				6A8BB1A057222174ABCEEA9E /* ShoppingActivityAttributes.swift in Sources */,
				4875ED5EEB7BE1A728289FBA /* ShoppingItem.swift in Sources */,
				83F7A018CC455374AA300D07 /* SmartCartApp.swift in Sources */,
				47C167B4A1828C9F1D437D86 /* Store.swift in Sources */,
				29F88390E651065B4706C81A /* StoreCard.swift in Sources */,
				DC682519ADF44DAEC0189666 /* StoreDetailView.swift in Sources */,
				196D318FE932C7D9AFD15E25 /* StoreSetupView.swift in Sources */,
				8ED92F0C2CEACA7E0F3380EE /* StoreShareSheet.swift in Sources */,
				28BE578023A4DE1B32259735 /* SyncCoordinator.swift in Sources */,
				203DE6245102C5B0BE9D068C /* TemplateService.swift in Sources */,
				1136EA3713CFD61497225477 /* TodoItem.swift in Sources */,
				1DDEAD8D91304B6EEDBE09D6 /* TodoListView.swift in Sources */,
			);
			runOnlyForDeploymentPostprocessing = 0;
		};
		67BDC10E19FEF56A93370E2E /* Sources */ = {
			isa = PBXSourcesBuildPhase;
			buildActionMask = 2147483647;
			files = (
				CB7B598D69B866E2A165B196 /* ShareViewController.swift in Sources */,
				52C8EBC70575CE1543785171 /* ReceiptParserService.swift in Sources */,
				FE6E95A3D85D504494220D42 /* ReceiptAliasService.swift in Sources */,
				BF41CB2B055AF1806850C81F /* ReceiptResolutionService.swift in Sources */,
				C79D40337E438C71F75EAE89 /* ReceiptShareHandoff.swift in Sources */,
				12DCF82BA93F86AEAF162959 /* AssignmentService.swift in Sources */,
				ACD11C0BBEDC0BDB5F301210 /* CGImagePropertyOrientation+UIImage.swift in Sources */,
				7E06970AC7613715F6D3FD83 /* Store.swift in Sources */,
				B711DBF38176A71AC66E9C5A /* ShoppingItem.swift in Sources */,
				526C089A5B6BCE0A9721DBFA /* PurchaseRecord.swift in Sources */,
				61A8C33F2B04D602F6FA2F69 /* SchemaVersions.swift in Sources */,
				03D887C33569F0893E493C47 /* SharedModelContainer.swift in Sources */,
				52BE25312617DFA94CCDBC9D /* FeedbackItem.swift in Sources */,
				F6AC9DBCCD3B0340225F0207 /* TodoItem.swift in Sources */,
				65B0C5DC9B4E6AEB0236E6C2 /* Color+Hex.swift in Sources */,
			);
			runOnlyForDeploymentPostprocessing = 0;
		};
		E4CC99CAE0D7BA03FF816A58 /* Sources */ = {
			isa = PBXSourcesBuildPhase;
			buildActionMask = 2147483647;
			files = (
				D78DB66BFF8EBECE0338D4D6 /* ExistingDataSurvivesCloudEnableTests.swift in Sources */,
				196D222251481884D5F2584B /* SchemaCloudKitCompatibilityTests.swift in Sources */,
			);
			runOnlyForDeploymentPostprocessing = 0;
		};
/* End PBXSourcesBuildPhase section */

/* Begin PBXTargetDependency section */
		273792F0B2EDCC98681602A0 /* PBXTargetDependency */ = {
			isa = PBXTargetDependency;
			target = 2173228C9C541DE670F8E0CF /* SmartCartWidgets */;
			targetProxy = 762A14DB1B8A469B6D651347 /* PBXContainerItemProxy */;
		};
		035A90E69BC0DF07058A6DCB /* PBXTargetDependency */ = {
			isa = PBXTargetDependency;
			target = 7D934E8A9223AA0C0AC578C5 /* RestockShareExtension */;
			targetProxy = 73D4762AA3FC60C53F34D42F /* PBXContainerItemProxy */;
		};
		FECEE7FCB8468342FC62D72F /* PBXTargetDependency */ = {
			isa = PBXTargetDependency;
			target = FB3462C32B1AFC0E92A07C37 /* Restock */;
			targetProxy = 37AF5861F998B18738ADA770 /* PBXContainerItemProxy */;
		};
/* End PBXTargetDependency section */

/* Begin PBXVariantGroup section */
		71849F80113C0491D3447DBC /* Localizable.strings */ = {
			isa = PBXVariantGroup;
			children = (
				607111C83CB9E39ECC518AC2 /* de */,
				818EC8436AA31FBCC7D67776 /* en */,
			);
			name = Localizable.strings;
			sourceTree = "<group>";
		};
/* End PBXVariantGroup section */

/* Begin XCBuildConfiguration section */
		00D6438B2A6E7AF2917F4E00 /* Debug */ = {
			isa = XCBuildConfiguration;
			buildSettings = {
				ALWAYS_SEARCH_USER_PATHS = NO;
				CLANG_ANALYZER_NONNULL = YES;
				CLANG_ANALYZER_NUMBER_OBJECT_CONVERSION = YES_AGGRESSIVE;
				CLANG_CXX_LANGUAGE_STANDARD = "gnu++14";
				CLANG_CXX_LIBRARY = "libc++";
				CLANG_ENABLE_MODULES = YES;
				CLANG_ENABLE_OBJC_ARC = YES;
				CLANG_ENABLE_OBJC_WEAK = YES;
				CLANG_WARN_BLOCK_CAPTURE_AUTORELEASING = YES;
				CLANG_WARN_BOOL_CONVERSION = YES;
				CLANG_WARN_COMMA = YES;
				CLANG_WARN_CONSTANT_CONVERSION = YES;
				CLANG_WARN_DEPRECATED_OBJC_IMPLEMENTATIONS = YES;
				CLANG_WARN_DIRECT_OBJC_ISA_USAGE = YES_ERROR;
				CLANG_WARN_DOCUMENTATION_COMMENTS = YES;
				CLANG_WARN_EMPTY_BODY = YES;
				CLANG_WARN_ENUM_CONVERSION = YES;
				CLANG_WARN_INFINITE_RECURSION = YES;
				CLANG_WARN_INT_CONVERSION = YES;
				CLANG_WARN_NON_LITERAL_NULL_CONVERSION = YES;
				CLANG_WARN_OBJC_IMPLICIT_RETAIN_SELF = YES;
				CLANG_WARN_OBJC_LITERAL_CONVERSION = YES;
				CLANG_WARN_OBJC_ROOT_CLASS = YES_ERROR;
				CLANG_WARN_QUOTED_INCLUDE_IN_FRAMEWORK_HEADER = YES;
				CLANG_WARN_RANGE_LOOP_ANALYSIS = YES;
				CLANG_WARN_STRICT_PROTOTYPES = YES;
				CLANG_WARN_SUSPICIOUS_MOVE = YES;
				CLANG_WARN_UNGUARDED_AVAILABILITY = YES_AGGRESSIVE;
				CLANG_WARN_UNREACHABLE_CODE = YES;
				CLANG_WARN__DUPLICATE_METHOD_MATCH = YES;
				COPY_PHASE_STRIP = NO;
				DEBUG_INFORMATION_FORMAT = dwarf;
				ENABLE_STRICT_OBJC_MSGSEND = YES;
				ENABLE_TESTABILITY = YES;
				GCC_C_LANGUAGE_STANDARD = gnu11;
				GCC_DYNAMIC_NO_PIC = NO;
				GCC_NO_COMMON_BLOCKS = YES;
				GCC_OPTIMIZATION_LEVEL = 0;
				GCC_PREPROCESSOR_DEFINITIONS = (
					"$(inherited)",
					"DEBUG=1",
				);
				GCC_WARN_64_TO_32_BIT_CONVERSION = YES;
				GCC_WARN_ABOUT_RETURN_TYPE = YES_ERROR;
				GCC_WARN_UNDECLARED_SELECTOR = YES;
				GCC_WARN_UNINITIALIZED_AUTOS = YES_AGGRESSIVE;
				GCC_WARN_UNUSED_FUNCTION = YES;
				GCC_WARN_UNUSED_VARIABLE = YES;
				IPHONEOS_DEPLOYMENT_TARGET = 18.0;
				MTL_ENABLE_DEBUG_INFO = INCLUDE_SOURCE;
				MTL_FAST_MATH = YES;
				ONLY_ACTIVE_ARCH = YES;
				PRODUCT_NAME = "$(TARGET_NAME)";
				SDKROOT = iphoneos;
				SWIFT_ACTIVE_COMPILATION_CONDITIONS = DEBUG;
				SWIFT_OPTIMIZATION_LEVEL = "-Onone";
				SWIFT_VERSION = 5.0;
			};
			name = Debug;
		};
		1453EA80FB82BAB065069F03 /* Release */ = {
			isa = XCBuildConfiguration;
			buildSettings = {
				CODE_SIGN_ENTITLEMENTS = SmartCartWidgets/SmartCartWidgets.entitlements;
				CODE_SIGN_STYLE = Automatic;
				CURRENT_PROJECT_VERSION = 3;
				DEVELOPMENT_TEAM = XK87E2B3VR;
				GENERATE_INFOPLIST_FILE = NO;
				INFOPLIST_FILE = SmartCartWidgets/Info.plist;
				IPHONEOS_DEPLOYMENT_TARGET = 18.0;
				LD_RUNPATH_SEARCH_PATHS = (
					"$(inherited)",
					"@executable_path/Frameworks",
					"@executable_path/../../Frameworks",
				);
				MARKETING_VERSION = 1.0;
				PRODUCT_BUNDLE_IDENTIFIER = com.johannesemmrich.Restock.SmartCartWidgets;
				PRODUCT_NAME = "$(TARGET_NAME)";
				SDKROOT = iphoneos;
				SKIP_INSTALL = YES;
				SWIFT_VERSION = 5.9;
				TARGETED_DEVICE_FAMILY = "1,2";
			};
			name = Release;
		};
		37FFA5E4AD951DF41B5877ED /* Release */ = {
			isa = XCBuildConfiguration;
			buildSettings = {
				ASSETCATALOG_COMPILER_APPICON_NAME = AppIcon;
				ASSETCATALOG_COMPILER_GLOBAL_ACCENT_COLOR_NAME = AccentColor;
				CODE_SIGN_ENTITLEMENTS = SmartCart/SmartCart.entitlements;
				CODE_SIGN_IDENTITY = "iPhone Developer";
				CODE_SIGN_STYLE = Automatic;
				CURRENT_PROJECT_VERSION = 3;
				DEVELOPMENT_TEAM = XK87E2B3VR;
				GENERATE_INFOPLIST_FILE = YES;
				INFOPLIST_FILE = "SmartCart/Generated-Info.plist";
				INFOPLIST_KEY_ITSAppUsesNonExemptEncryption = NO;
				INFOPLIST_KEY_NSCameraUsageDescription = "Restock needs camera access to scan recipe photos.";
				INFOPLIST_KEY_NSPhotoLibraryUsageDescription = "Restock needs photo library access to import recipe photos.";
				INFOPLIST_KEY_NSSupportsLiveActivities = YES;
				INFOPLIST_KEY_UIApplicationSceneManifest_Generation = YES;
				INFOPLIST_KEY_UIBackgroundModes = "remote-notification";
				INFOPLIST_KEY_UILaunchScreen_BackgroundColor = LaunchBackground;
				INFOPLIST_KEY_UILaunchScreen_Generation = YES;
				INFOPLIST_KEY_UISupportedInterfaceOrientations_iPad = "UIInterfaceOrientationPortrait UIInterfaceOrientationPortraitUpsideDown UIInterfaceOrientationLandscapeLeft UIInterfaceOrientationLandscapeRight";
				INFOPLIST_KEY_UISupportedInterfaceOrientations_iPhone = "UIInterfaceOrientationPortrait UIInterfaceOrientationLandscapeLeft UIInterfaceOrientationLandscapeRight";
				IPHONEOS_DEPLOYMENT_TARGET = 18.0;
				LD_RUNPATH_SEARCH_PATHS = (
					"$(inherited)",
					"@executable_path/Frameworks",
				);
				MARKETING_VERSION = 1.0;
				PRODUCT_BUNDLE_IDENTIFIER = com.johannesemmrich.Restock;
				SDKROOT = iphoneos;
				SWIFT_VERSION = 5.9;
				TARGETED_DEVICE_FAMILY = "1,2";
			};
			name = Release;
		};
		520F06112170CA0C32093D84 /* Release */ = {
			isa = XCBuildConfiguration;
			buildSettings = {
				ALWAYS_SEARCH_USER_PATHS = NO;
				CLANG_ANALYZER_NONNULL = YES;
				CLANG_ANALYZER_NUMBER_OBJECT_CONVERSION = YES_AGGRESSIVE;
				CLANG_CXX_LANGUAGE_STANDARD = "gnu++14";
				CLANG_CXX_LIBRARY = "libc++";
				CLANG_ENABLE_MODULES = YES;
				CLANG_ENABLE_OBJC_ARC = YES;
				CLANG_ENABLE_OBJC_WEAK = YES;
				CLANG_WARN_BLOCK_CAPTURE_AUTORELEASING = YES;
				CLANG_WARN_BOOL_CONVERSION = YES;
				CLANG_WARN_COMMA = YES;
				CLANG_WARN_CONSTANT_CONVERSION = YES;
				CLANG_WARN_DEPRECATED_OBJC_IMPLEMENTATIONS = YES;
				CLANG_WARN_DIRECT_OBJC_ISA_USAGE = YES_ERROR;
				CLANG_WARN_DOCUMENTATION_COMMENTS = YES;
				CLANG_WARN_EMPTY_BODY = YES;
				CLANG_WARN_ENUM_CONVERSION = YES;
				CLANG_WARN_INFINITE_RECURSION = YES;
				CLANG_WARN_INT_CONVERSION = YES;
				CLANG_WARN_NON_LITERAL_NULL_CONVERSION = YES;
				CLANG_WARN_OBJC_IMPLICIT_RETAIN_SELF = YES;
				CLANG_WARN_OBJC_LITERAL_CONVERSION = YES;
				CLANG_WARN_OBJC_ROOT_CLASS = YES_ERROR;
				CLANG_WARN_QUOTED_INCLUDE_IN_FRAMEWORK_HEADER = YES;
				CLANG_WARN_RANGE_LOOP_ANALYSIS = YES;
				CLANG_WARN_STRICT_PROTOTYPES = YES;
				CLANG_WARN_SUSPICIOUS_MOVE = YES;
				CLANG_WARN_UNGUARDED_AVAILABILITY = YES_AGGRESSIVE;
				CLANG_WARN_UNREACHABLE_CODE = YES;
				CLANG_WARN__DUPLICATE_METHOD_MATCH = YES;
				COPY_PHASE_STRIP = NO;
				DEBUG_INFORMATION_FORMAT = "dwarf-with-dsym";
				ENABLE_NS_ASSERTIONS = NO;
				ENABLE_STRICT_OBJC_MSGSEND = YES;
				GCC_C_LANGUAGE_STANDARD = gnu11;
				GCC_NO_COMMON_BLOCKS = YES;
				GCC_WARN_64_TO_32_BIT_CONVERSION = YES;
				GCC_WARN_ABOUT_RETURN_TYPE = YES_ERROR;
				GCC_WARN_UNDECLARED_SELECTOR = YES;
				GCC_WARN_UNINITIALIZED_AUTOS = YES_AGGRESSIVE;
				GCC_WARN_UNUSED_FUNCTION = YES;
				GCC_WARN_UNUSED_VARIABLE = YES;
				IPHONEOS_DEPLOYMENT_TARGET = 18.0;
				MTL_ENABLE_DEBUG_INFO = NO;
				MTL_FAST_MATH = YES;
				PRODUCT_NAME = "$(TARGET_NAME)";
				SDKROOT = iphoneos;
				SWIFT_COMPILATION_MODE = wholemodule;
				SWIFT_OPTIMIZATION_LEVEL = "-O";
				SWIFT_VERSION = 5.0;
			};
			name = Release;
		};
		69D3E3CB50EA616CC645D0CF /* Debug */ = {
			isa = XCBuildConfiguration;
			buildSettings = {
				ASSETCATALOG_COMPILER_APPICON_NAME = AppIcon;
				ASSETCATALOG_COMPILER_GLOBAL_ACCENT_COLOR_NAME = AccentColor;
				CODE_SIGN_ENTITLEMENTS = SmartCart/SmartCart.entitlements;
				CODE_SIGN_IDENTITY = "iPhone Developer";
				CODE_SIGN_STYLE = Automatic;
				CURRENT_PROJECT_VERSION = 3;
				DEVELOPMENT_TEAM = XK87E2B3VR;
				GENERATE_INFOPLIST_FILE = YES;
				INFOPLIST_FILE = "SmartCart/Generated-Info.plist";
				INFOPLIST_KEY_ITSAppUsesNonExemptEncryption = NO;
				INFOPLIST_KEY_NSCameraUsageDescription = "Restock needs camera access to scan recipe photos.";
				INFOPLIST_KEY_NSPhotoLibraryUsageDescription = "Restock needs photo library access to import recipe photos.";
				INFOPLIST_KEY_NSSupportsLiveActivities = YES;
				INFOPLIST_KEY_UIApplicationSceneManifest_Generation = YES;
				INFOPLIST_KEY_UIBackgroundModes = "remote-notification";
				INFOPLIST_KEY_UILaunchScreen_BackgroundColor = LaunchBackground;
				INFOPLIST_KEY_UILaunchScreen_Generation = YES;
				INFOPLIST_KEY_UISupportedInterfaceOrientations_iPad = "UIInterfaceOrientationPortrait UIInterfaceOrientationPortraitUpsideDown UIInterfaceOrientationLandscapeLeft UIInterfaceOrientationLandscapeRight";
				INFOPLIST_KEY_UISupportedInterfaceOrientations_iPhone = "UIInterfaceOrientationPortrait UIInterfaceOrientationLandscapeLeft UIInterfaceOrientationLandscapeRight";
				IPHONEOS_DEPLOYMENT_TARGET = 18.0;
				LD_RUNPATH_SEARCH_PATHS = (
					"$(inherited)",
					"@executable_path/Frameworks",
				);
				MARKETING_VERSION = 1.0;
				PRODUCT_BUNDLE_IDENTIFIER = com.johannesemmrich.Restock;
				SDKROOT = iphoneos;
				SWIFT_VERSION = 5.9;
				TARGETED_DEVICE_FAMILY = "1,2";
			};
			name = Debug;
		};
		D9EF61C51EB860F410B5D5E9 /* Debug */ = {
			isa = XCBuildConfiguration;
			buildSettings = {
				CODE_SIGN_ENTITLEMENTS = SmartCartWidgets/SmartCartWidgets.entitlements;
				CODE_SIGN_STYLE = Automatic;
				CURRENT_PROJECT_VERSION = 3;
				DEVELOPMENT_TEAM = XK87E2B3VR;
				GENERATE_INFOPLIST_FILE = NO;
				INFOPLIST_FILE = SmartCartWidgets/Info.plist;
				IPHONEOS_DEPLOYMENT_TARGET = 18.0;
				LD_RUNPATH_SEARCH_PATHS = (
					"$(inherited)",
					"@executable_path/Frameworks",
					"@executable_path/../../Frameworks",
				);
				MARKETING_VERSION = 1.0;
				PRODUCT_BUNDLE_IDENTIFIER = com.johannesemmrich.Restock.SmartCartWidgets;
				PRODUCT_NAME = "$(TARGET_NAME)";
				SDKROOT = iphoneos;
				SKIP_INSTALL = YES;
				SWIFT_VERSION = 5.9;
				TARGETED_DEVICE_FAMILY = "1,2";
			};
			name = Debug;
		};
		B7F306B9D57D516BFF9D7386 /* Debug */ = {
			isa = XCBuildConfiguration;
			buildSettings = {
				CODE_SIGN_ENTITLEMENTS = RestockShareExtension/RestockShareExtension.entitlements;
				CODE_SIGN_STYLE = Automatic;
				CURRENT_PROJECT_VERSION = 3;
				DEVELOPMENT_TEAM = XK87E2B3VR;
				GENERATE_INFOPLIST_FILE = NO;
				INFOPLIST_FILE = RestockShareExtension/Info.plist;
				IPHONEOS_DEPLOYMENT_TARGET = 18.0;
				LD_RUNPATH_SEARCH_PATHS = (
					"$(inherited)",
					"@executable_path/Frameworks",
					"@executable_path/../../Frameworks",
				);
				MARKETING_VERSION = 1.0;
				PRODUCT_BUNDLE_IDENTIFIER = com.johannesemmrich.Restock.RestockShareExtension;
				PRODUCT_NAME = "$(TARGET_NAME)";
				SDKROOT = iphoneos;
				SKIP_INSTALL = YES;
				SWIFT_VERSION = 5.9;
				TARGETED_DEVICE_FAMILY = "1,2";
			};
			name = Debug;
		};
		832AC4657837378F51764FE2 /* Release */ = {
			isa = XCBuildConfiguration;
			buildSettings = {
				CODE_SIGN_ENTITLEMENTS = RestockShareExtension/RestockShareExtension.entitlements;
				CODE_SIGN_STYLE = Automatic;
				CURRENT_PROJECT_VERSION = 3;
				DEVELOPMENT_TEAM = XK87E2B3VR;
				GENERATE_INFOPLIST_FILE = NO;
				INFOPLIST_FILE = RestockShareExtension/Info.plist;
				IPHONEOS_DEPLOYMENT_TARGET = 18.0;
				LD_RUNPATH_SEARCH_PATHS = (
					"$(inherited)",
					"@executable_path/Frameworks",
					"@executable_path/../../Frameworks",
				);
				MARKETING_VERSION = 1.0;
				PRODUCT_BUNDLE_IDENTIFIER = com.johannesemmrich.Restock.RestockShareExtension;
				PRODUCT_NAME = "$(TARGET_NAME)";
				SDKROOT = iphoneos;
				SKIP_INSTALL = YES;
				SWIFT_VERSION = 5.9;
				TARGETED_DEVICE_FAMILY = "1,2";
			};
			name = Release;
		};
		36EEC017BC9BF610D090A50D /* Debug */ = {
			isa = XCBuildConfiguration;
			buildSettings = {
				BUNDLE_LOADER = "$(TEST_HOST)";
				CODE_SIGN_STYLE = Automatic;
				DEVELOPMENT_TEAM = XK87E2B3VR;
				GENERATE_INFOPLIST_FILE = YES;
				IPHONEOS_DEPLOYMENT_TARGET = 18.0;
				LD_RUNPATH_SEARCH_PATHS = (
					"$(inherited)",
					"@executable_path/Frameworks",
					"@loader_path/Frameworks",
				);
				PRODUCT_BUNDLE_IDENTIFIER = com.johannesemmrich.Restock.RestockTests;
				PRODUCT_NAME = "$(TARGET_NAME)";
				SDKROOT = iphoneos;
				SWIFT_VERSION = 5.9;
				TARGETED_DEVICE_FAMILY = "1,2";
				TEST_HOST = "$(BUILT_PRODUCTS_DIR)/Restock.app/Restock";
			};
			name = Debug;
		};
		AE8265D2BA6CB43BB4486DDB /* Release */ = {
			isa = XCBuildConfiguration;
			buildSettings = {
				BUNDLE_LOADER = "$(TEST_HOST)";
				CODE_SIGN_STYLE = Automatic;
				DEVELOPMENT_TEAM = XK87E2B3VR;
				GENERATE_INFOPLIST_FILE = YES;
				IPHONEOS_DEPLOYMENT_TARGET = 18.0;
				LD_RUNPATH_SEARCH_PATHS = (
					"$(inherited)",
					"@executable_path/Frameworks",
					"@loader_path/Frameworks",
				);
				PRODUCT_BUNDLE_IDENTIFIER = com.johannesemmrich.Restock.RestockTests;
				PRODUCT_NAME = "$(TARGET_NAME)";
				SDKROOT = iphoneos;
				SWIFT_VERSION = 5.9;
				TARGETED_DEVICE_FAMILY = "1,2";
				TEST_HOST = "$(BUILT_PRODUCTS_DIR)/Restock.app/Restock";
			};
			name = Release;
		};
/* End XCBuildConfiguration section */

/* Begin XCConfigurationList section */
		59232EA11543B4AFBFBC0DAF /* Build configuration list for PBXNativeTarget "SmartCartWidgets" */ = {
			isa = XCConfigurationList;
			buildConfigurations = (
				D9EF61C51EB860F410B5D5E9 /* Debug */,
				1453EA80FB82BAB065069F03 /* Release */,
			);
			defaultConfigurationIsVisible = 0;
			defaultConfigurationName = Debug;
		};
		73F72864F4B2BD03096919D4 /* Build configuration list for PBXNativeTarget "Restock" */ = {
			isa = XCConfigurationList;
			buildConfigurations = (
				69D3E3CB50EA616CC645D0CF /* Debug */,
				37FFA5E4AD951DF41B5877ED /* Release */,
			);
			defaultConfigurationIsVisible = 0;
			defaultConfigurationName = Debug;
		};
		C9D725C7FF19989A296B1DC8 /* Build configuration list for PBXProject "Restock" */ = {
			isa = XCConfigurationList;
			buildConfigurations = (
				00D6438B2A6E7AF2917F4E00 /* Debug */,
				520F06112170CA0C32093D84 /* Release */,
			);
			defaultConfigurationIsVisible = 0;
			defaultConfigurationName = Debug;
		};
		73A434A243CA503DE5CB09E8 /* Build configuration list for PBXNativeTarget "RestockShareExtension" */ = {
			isa = XCConfigurationList;
			buildConfigurations = (
				B7F306B9D57D516BFF9D7386 /* Debug */,
				832AC4657837378F51764FE2 /* Release */,
			);
			defaultConfigurationIsVisible = 0;
			defaultConfigurationName = Debug;
		};
		07D4A2CA0201AAC8A7CE314F /* Build configuration list for PBXNativeTarget "RestockTests" */ = {
			isa = XCConfigurationList;
			buildConfigurations = (
				36EEC017BC9BF610D090A50D /* Debug */,
				AE8265D2BA6CB43BB4486DDB /* Release */,
			);
			defaultConfigurationIsVisible = 0;
			defaultConfigurationName = Debug;
		};
/* End XCConfigurationList section */
	};
	rootObject = 8D1EBE439F0566ED49E1ED53 /* Project object */;
}
